// !$*UTF8*$!
{
	archiveVersion = 1;
	classes = {
	};
	objectVersion = 46;
	objects = {

/* Begin PBXBuildFile section */
		0C12D9581B07B0DB0071B1C0 /* ShareForm.swift in Sources */ = {isa = PBXBuildFile; fileRef = 0C12D9571B07B0DB0071B1C0 /* ShareForm.swift */; };
		0C1986741A41CFA5006FE9A9 /* libsqlite3.0.dylib in Frameworks */ = {isa = PBXBuildFile; fileRef = 0C19866E1A41CF72006FE9A9 /* libsqlite3.0.dylib */; };
		0C1986751A41CFB4006FE9A9 /* libstdc++.6.0.9.dylib in Frameworks */ = {isa = PBXBuildFile; fileRef = 0C1986721A41CF8F006FE9A9 /* libstdc++.6.0.9.dylib */; };
		0C1986771A41CFBE006FE9A9 /* libz.1.1.3.dylib in Frameworks */ = {isa = PBXBuildFile; fileRef = 0C1986761A41CFBE006FE9A9 /* libz.1.1.3.dylib */; };
		0C1986781A41CFCA006FE9A9 /* Foundation.framework in Frameworks */ = {isa = PBXBuildFile; fileRef = 0C344AAE1A27759D003B2659 /* Foundation.framework */; };
		0C19867A1A41CFD5006FE9A9 /* UIKit.framework in Frameworks */ = {isa = PBXBuildFile; fileRef = 0C1986791A41CFD5006FE9A9 /* UIKit.framework */; };
		0C26819F1ADADEAA00EE834B /* UIButton+Border.swift in Sources */ = {isa = PBXBuildFile; fileRef = 0C26819E1ADADEAA00EE834B /* UIButton+Border.swift */; };
		0C2681A51ADAE40F00EE834B /* pulltorefresharrow.png in Resources */ = {isa = PBXBuildFile; fileRef = 0C2681A11ADAE40F00EE834B /* pulltorefresharrow.png */; };
		0C2681A61ADAE40F00EE834B /* PullToRefreshOption.swift in Sources */ = {isa = PBXBuildFile; fileRef = 0C2681A21ADAE40F00EE834B /* PullToRefreshOption.swift */; };
		0C2681A71ADAE40F00EE834B /* PullToRefreshView.swift in Sources */ = {isa = PBXBuildFile; fileRef = 0C2681A31ADAE40F00EE834B /* PullToRefreshView.swift */; };
		0C2681A81ADAE40F00EE834B /* UIScrollViewExtension.swift in Sources */ = {isa = PBXBuildFile; fileRef = 0C2681A41ADAE40F00EE834B /* UIScrollViewExtension.swift */; };
		0C4815671A0CC93F00A9CF9B /* Utilities.swift in Sources */ = {isa = PBXBuildFile; fileRef = 0C4815661A0CC93F00A9CF9B /* Utilities.swift */; };
		0C49666B1B03442A0067169C /* NotificationForm.swift in Sources */ = {isa = PBXBuildFile; fileRef = 0C49666A1B03442A0067169C /* NotificationForm.swift */; };
		0C49666F1B034AFD0067169C /* InsertMembershipCardForm.swift in Sources */ = {isa = PBXBuildFile; fileRef = 0C49666E1B034AFD0067169C /* InsertMembershipCardForm.swift */; };
		0C4966711B034B320067169C /* FeedbackForm.swift in Sources */ = {isa = PBXBuildFile; fileRef = 0C4966701B034B320067169C /* FeedbackForm.swift */; };
		0C4966731B0354220067169C /* MembershipCardForm.swift in Sources */ = {isa = PBXBuildFile; fileRef = 0C4966721B0354220067169C /* MembershipCardForm.swift */; };
		0C4966751B03560E0067169C /* MembershipCardDetailForm.swift in Sources */ = {isa = PBXBuildFile; fileRef = 0C4966741B03560E0067169C /* MembershipCardDetailForm.swift */; };
		0C4D9E7419FC96760072BC44 /* AppDelegate.swift in Sources */ = {isa = PBXBuildFile; fileRef = 0C4D9E7319FC96760072BC44 /* AppDelegate.swift */; };
		0C4D9E7919FC96760072BC44 /* Main.storyboard in Resources */ = {isa = PBXBuildFile; fileRef = 0C4D9E7719FC96760072BC44 /* Main.storyboard */; };
		0C4D9E7B19FC96760072BC44 /* Images.xcassets in Resources */ = {isa = PBXBuildFile; fileRef = 0C4D9E7A19FC96760072BC44 /* Images.xcassets */; };
		0C4D9E7E19FC96760072BC44 /* LaunchScreen.xib in Resources */ = {isa = PBXBuildFile; fileRef = 0C4D9E7C19FC96760072BC44 /* LaunchScreen.xib */; };
		0C4D9E8A19FC96760072BC44 /* ProsTests.swift in Sources */ = {isa = PBXBuildFile; fileRef = 0C4D9E8919FC96760072BC44 /* ProsTests.swift */; };
		0C4D9E9819FC97F20072BC44 /* ImagesCommon.xcassets in Resources */ = {isa = PBXBuildFile; fileRef = 0C4D9E9719FC97F20072BC44 /* ImagesCommon.xcassets */; };
		0C4D9E9C19FC98190072BC44 /* Pros.swift in Sources */ = {isa = PBXBuildFile; fileRef = 0C4D9E9919FC98190072BC44 /* Pros.swift */; };
		0C4D9E9D19FC98190072BC44 /* ProsColor.swift in Sources */ = {isa = PBXBuildFile; fileRef = 0C4D9E9A19FC98190072BC44 /* ProsColor.swift */; };
		0C4D9E9E19FC98190072BC44 /* ProsConfig.swift in Sources */ = {isa = PBXBuildFile; fileRef = 0C4D9E9B19FC98190072BC44 /* ProsConfig.swift */; };
		0C4D9EA119FC98420072BC44 /* Singleton.swift in Sources */ = {isa = PBXBuildFile; fileRef = 0C4D9EA019FC98420072BC44 /* Singleton.swift */; };
		0C4D9EB319FC98C20072BC44 /* UserAuthenticationViewController.swift in Sources */ = {isa = PBXBuildFile; fileRef = 0C4D9EA819FC98C20072BC44 /* UserAuthenticationViewController.swift */; };
		0C4D9EB819FC9BF30072BC44 /* SystemConfiguration.framework in Frameworks */ = {isa = PBXBuildFile; fileRef = 0C4D9EB719FC9BF30072BC44 /* SystemConfiguration.framework */; };
		0C4D9EBA19FC9BFA0072BC44 /* Social.framework in Frameworks */ = {isa = PBXBuildFile; fileRef = 0C4D9EB919FC9BFA0072BC44 /* Social.framework */; };
		0C4D9EBC19FC9C020072BC44 /* Security.framework in Frameworks */ = {isa = PBXBuildFile; fileRef = 0C4D9EBB19FC9C020072BC44 /* Security.framework */; };
		0C4D9EBE19FC9C0A0072BC44 /* QuartzCore.framework in Frameworks */ = {isa = PBXBuildFile; fileRef = 0C4D9EBD19FC9C0A0072BC44 /* QuartzCore.framework */; };
		0C4D9EC019FC9C630072BC44 /* MobileCoreServices.framework in Frameworks */ = {isa = PBXBuildFile; fileRef = 0C4D9EBF19FC9C630072BC44 /* MobileCoreServices.framework */; };
		0C4D9EC419FC9C760072BC44 /* CoreGraphics.framework in Frameworks */ = {isa = PBXBuildFile; fileRef = 0C4D9EC319FC9C760072BC44 /* CoreGraphics.framework */; };
		0C4D9EC619FC9C7E0072BC44 /* CFNetwork.framework in Frameworks */ = {isa = PBXBuildFile; fileRef = 0C4D9EC519FC9C7E0072BC44 /* CFNetwork.framework */; };
		0C4D9EC819FC9C860072BC44 /* AudioToolbox.framework in Frameworks */ = {isa = PBXBuildFile; fileRef = 0C4D9EC719FC9C860072BC44 /* AudioToolbox.framework */; };
		0C4D9ECA19FC9C8C0072BC44 /* Accounts.framework in Frameworks */ = {isa = PBXBuildFile; fileRef = 0C4D9EC919FC9C8C0072BC44 /* Accounts.framework */; };
		0C4D9ECC19FC9CA90072BC44 /* libz.dylib in Frameworks */ = {isa = PBXBuildFile; fileRef = 0C4D9ECB19FC9CA90072BC44 /* libz.dylib */; };
		0C4EC5271ADCFB0000217C60 /* ISO8601DateFormatter.m in Sources */ = {isa = PBXBuildFile; fileRef = 0C4EC5261ADCFB0000217C60 /* ISO8601DateFormatter.m */; settings = {COMPILER_FLAGS = "-fno-objc-arc"; }; };
		0C527ABE1AF3B712004241A9 /* Feedback.swift in Sources */ = {isa = PBXBuildFile; fileRef = 0C527ABD1AF3B712004241A9 /* Feedback.swift */; };
		0C527AC61AF3CC73004241A9 /* SubmitFeedbackForm.swift in Sources */ = {isa = PBXBuildFile; fileRef = 0C527AC51AF3CC73004241A9 /* SubmitFeedbackForm.swift */; };
		0C5723781A24B16700C86676 /* UserDefaults.swift in Sources */ = {isa = PBXBuildFile; fileRef = 0C5723771A24B16700C86676 /* UserDefaults.swift */; };
		0C5A1DFC1B03A447007F9417 /* PromotionDetailForm.swift in Sources */ = {isa = PBXBuildFile; fileRef = 0C5A1DFB1B03A447007F9417 /* PromotionDetailForm.swift */; };
		0C5A1DFE1B03A5D4007F9417 /* ShopForm.swift in Sources */ = {isa = PBXBuildFile; fileRef = 0C5A1DFD1B03A5D4007F9417 /* ShopForm.swift */; };
		0C5A1E001B03A702007F9417 /* SubscribeForm.swift in Sources */ = {isa = PBXBuildFile; fileRef = 0C5A1DFF1B03A702007F9417 /* SubscribeForm.swift */; };
		0C65728E1AD7F6BA00D6DCB7 /* FBAudienceNetwork.framework in Frameworks */ = {isa = PBXBuildFile; fileRef = 0C6572881AD7F6BA00D6DCB7 /* FBAudienceNetwork.framework */; };
		0C65728F1AD7F6BA00D6DCB7 /* FBSDKCoreKit.framework in Frameworks */ = {isa = PBXBuildFile; fileRef = 0C6572891AD7F6BA00D6DCB7 /* FBSDKCoreKit.framework */; };
		0C6572901AD7F6BA00D6DCB7 /* FBSDKLoginKit.framework in Frameworks */ = {isa = PBXBuildFile; fileRef = 0C65728A1AD7F6BA00D6DCB7 /* FBSDKLoginKit.framework */; };
		0C6572911AD7F6BA00D6DCB7 /* FBSDKMessengerShareKit.framework in Frameworks */ = {isa = PBXBuildFile; fileRef = 0C65728B1AD7F6BA00D6DCB7 /* FBSDKMessengerShareKit.framework */; };
		0C6572921AD7F6BA00D6DCB7 /* FBSDKShareKit.framework in Frameworks */ = {isa = PBXBuildFile; fileRef = 0C65728C1AD7F6BA00D6DCB7 /* FBSDKShareKit.framework */; };
		0C6572941AD7F77800D6DCB7 /* Bolts.framework in Frameworks */ = {isa = PBXBuildFile; fileRef = 0C6572931AD7F77800D6DCB7 /* Bolts.framework */; };
		0C6A26B61AF8F3F600946488 /* CNPPopupController.m in Sources */ = {isa = PBXBuildFile; fileRef = 0C6A26B51AF8F3F600946488 /* CNPPopupController.m */; };
		0C71B2FA1AB5F32D00A9B8D8 /* ProsHTTPClient.swift in Sources */ = {isa = PBXBuildFile; fileRef = 0C71B2F91AB5F32D00A9B8D8 /* ProsHTTPClient.swift */; };
		0C71B2FC1AB5F3B200A9B8D8 /* ProsAPIClient.swift in Sources */ = {isa = PBXBuildFile; fileRef = 0C71B2FB1AB5F3B200A9B8D8 /* ProsAPIClient.swift */; };
		0C7CBE5E1ACE72BD00972C61 /* LoginWithFacebookForm.swift in Sources */ = {isa = PBXBuildFile; fileRef = 0C7CBE5D1ACE72BD00972C61 /* LoginWithFacebookForm.swift */; };
		0C84911D1ADBF5CE0070F29D /* NSDateISO8601.swift in Sources */ = {isa = PBXBuildFile; fileRef = 0C84911C1ADBF5CE0070F29D /* NSDateISO8601.swift */; };
		0C87687E1A2E18CC00163204 /* RKCardView.m in Sources */ = {isa = PBXBuildFile; fileRef = 0C87687D1A2E18CC00163204 /* RKCardView.m */; };
		0C8F37721AD133CC005F111C /* Picture.swift in Sources */ = {isa = PBXBuildFile; fileRef = 0C8F37711AD133CC005F111C /* Picture.swift */; };
		0C8F37751AD1B780005F111C /* LoginWithFacebookResponse.swift in Sources */ = {isa = PBXBuildFile; fileRef = 0C8F37741AD1B780005F111C /* LoginWithFacebookResponse.swift */; };
		0C96ADFA1AF695180069A375 /* libEstimoteSDK.a in Frameworks */ = {isa = PBXBuildFile; fileRef = 0C96ADF91AF695180069A375 /* libEstimoteSDK.a */; };
		0C9782F71AD6407D001962BA /* UserSession.swift in Sources */ = {isa = PBXBuildFile; fileRef = 0C9782F61AD6407D001962BA /* UserSession.swift */; };
		0C9E500A1AB75B54008BC2DA /* CardDetailViewController.swift in Sources */ = {isa = PBXBuildFile; fileRef = 0C9E50091AB75B54008BC2DA /* CardDetailViewController.swift */; };
		0CAA03101ADFB10A00750C75 /* ActivityService.swift in Sources */ = {isa = PBXBuildFile; fileRef = 0CAA030F1ADFB10A00750C75 /* ActivityService.swift */; };
		0CAA03121ADFB15E00750C75 /* BaseService.swift in Sources */ = {isa = PBXBuildFile; fileRef = 0CAA03111ADFB15E00750C75 /* BaseService.swift */; };
		0CD708FB1A029B0B00D9D016 /* User.swift in Sources */ = {isa = PBXBuildFile; fileRef = 0CD708FA1A029B0B00D9D016 /* User.swift */; };
		0CD965631B0731050062ACEC /* PromotionLikeToggleForm.swift in Sources */ = {isa = PBXBuildFile; fileRef = 0CD965621B0731050062ACEC /* PromotionLikeToggleForm.swift */; };
		0CD965651B07317C0062ACEC /* ShopSubscribeToggleForm.swift in Sources */ = {isa = PBXBuildFile; fileRef = 0CD965641B07317C0062ACEC /* ShopSubscribeToggleForm.swift */; };
		0CD965671B0790930062ACEC /* LikeForm.swift in Sources */ = {isa = PBXBuildFile; fileRef = 0CD965661B0790930062ACEC /* LikeForm.swift */; };
		0CE33B9A1AD94F1A005E1803 /* UIImage+ImageEffects.m in Sources */ = {isa = PBXBuildFile; fileRef = 0CE33B991AD94F1A005E1803 /* UIImage+ImageEffects.m */; };
		0CE33BA11AD9A220005E1803 /* NSDate+Extension.swift in Sources */ = {isa = PBXBuildFile; fileRef = 0CE33BA01AD9A220005E1803 /* NSDate+Extension.swift */; };
		0CE33BA31AD9A537005E1803 /* NSDateTimeAgo.bundle in Resources */ = {isa = PBXBuildFile; fileRef = 0CE33BA21AD9A537005E1803 /* NSDateTimeAgo.bundle */; };
		0CEDE2EA1A03BAAC0067A3C5 /* BaseViewController.swift in Sources */ = {isa = PBXBuildFile; fileRef = 0CEDE2E91A03BAAC0067A3C5 /* BaseViewController.swift */; };
		0CEDE2EC1A03BACB0067A3C5 /* BaseTableViewController.swift in Sources */ = {isa = PBXBuildFile; fileRef = 0CEDE2EB1A03BACB0067A3C5 /* BaseTableViewController.swift */; };
		0CEEEE871AB90DD300C0362D /* PromotionDetail.swift in Sources */ = {isa = PBXBuildFile; fileRef = 0CEEEE861AB90DD300C0362D /* PromotionDetail.swift */; };
		102156D51AB1BDD4004EC6C9 /* EstimoteBeaconsViewController.swift in Sources */ = {isa = PBXBuildFile; fileRef = 102156D41AB1BDD4004EC6C9 /* EstimoteBeaconsViewController.swift */; };
		1052999D1A9AFB440044F6FA /* PromotionDetailViewController.swift in Sources */ = {isa = PBXBuildFile; fileRef = 1052999C1A9AFB440044F6FA /* PromotionDetailViewController.swift */; };
		1052999F1A9B00340044F6FA /* PromotionDetailTableViewCell.swift in Sources */ = {isa = PBXBuildFile; fileRef = 1052999E1A9B00340044F6FA /* PromotionDetailTableViewCell.swift */; };
		105448491A9F3587000CC601 /* ParallaxHeaderView.m in Sources */ = {isa = PBXBuildFile; fileRef = 105448481A9F3587000CC601 /* ParallaxHeaderView.m */; };
		1068B4F91AA703FF00EABCFC /* MapKit.framework in Frameworks */ = {isa = PBXBuildFile; fileRef = 10D475971AA434EA007795AB /* MapKit.framework */; };
		1068B4FA1AA7041B00EABCFC /* CoreLocation.framework in Frameworks */ = {isa = PBXBuildFile; fileRef = 0C4D9EC119FC9C700072BC44 /* CoreLocation.framework */; };
		10758A6E1A98966A00160204 /* PromotionViewController.swift in Sources */ = {isa = PBXBuildFile; fileRef = 10758A6D1A98966A00160204 /* PromotionViewController.swift */; };
		10758A711A989D8B00160204 /* CardViewController.swift in Sources */ = {isa = PBXBuildFile; fileRef = 10758A701A989D8B00160204 /* CardViewController.swift */; };
		10758A731A989E4200160204 /* Promotion.swift in Sources */ = {isa = PBXBuildFile; fileRef = 10758A721A989E4200160204 /* Promotion.swift */; };
		10758A771A989E5800160204 /* Setting.swift in Sources */ = {isa = PBXBuildFile; fileRef = 10758A761A989E5800160204 /* Setting.swift */; };
		10758A791A989E6100160204 /* Card.swift in Sources */ = {isa = PBXBuildFile; fileRef = 10758A781A989E6100160204 /* Card.swift */; };
		10758A7B1A98AC9100160204 /* NotificationViewController.swift in Sources */ = {isa = PBXBuildFile; fileRef = 10758A7A1A98AC9100160204 /* NotificationViewController.swift */; };
		10758A7D1A98AC9D00160204 /* SettingViewController.swift in Sources */ = {isa = PBXBuildFile; fileRef = 10758A7C1A98AC9D00160204 /* SettingViewController.swift */; };
		10758A811A98BCF200160204 /* ShopCategory.swift in Sources */ = {isa = PBXBuildFile; fileRef = 10758A801A98BCF200160204 /* ShopCategory.swift */; };
		10758A831A98BD2200160204 /* Shop.swift in Sources */ = {isa = PBXBuildFile; fileRef = 10758A821A98BD2200160204 /* Shop.swift */; };
		10758A851A98BDFD00160204 /* SubShopCategory.swift in Sources */ = {isa = PBXBuildFile; fileRef = 10758A841A98BDFD00160204 /* SubShopCategory.swift */; };
		10758A871A98BED400160204 /* Notification.swift in Sources */ = {isa = PBXBuildFile; fileRef = 10758A861A98BED400160204 /* Notification.swift */; };
		10758A8A1A98C3C800160204 /* ShopCategoryViewController.swift in Sources */ = {isa = PBXBuildFile; fileRef = 10758A891A98C3C800160204 /* ShopCategoryViewController.swift */; };
		10758A8C1A98C3D700160204 /* SubShopCategoryViewController.swift in Sources */ = {isa = PBXBuildFile; fileRef = 10758A8B1A98C3D700160204 /* SubShopCategoryViewController.swift */; };
		10758A8E1A98C3E000160204 /* ShopViewController.swift in Sources */ = {isa = PBXBuildFile; fileRef = 10758A8D1A98C3E000160204 /* ShopViewController.swift */; };
		108C0F7D1AA20488002E2387 /* FeedbackViewController.swift in Sources */ = {isa = PBXBuildFile; fileRef = 108C0F7C1AA20488002E2387 /* FeedbackViewController.swift */; };
		1093DF681AAC445A0070E2A1 /* NotificationTableViewCell.swift in Sources */ = {isa = PBXBuildFile; fileRef = 1093DF671AAC445A0070E2A1 /* NotificationTableViewCell.swift */; };
		10974EB71A9A5640002DD4D5 /* PromotionTableViewCell.swift in Sources */ = {isa = PBXBuildFile; fileRef = 10974EB61A9A5640002DD4D5 /* PromotionTableViewCell.swift */; };
		10ACAD191AB2ECB7009D188E /* SettingUserInformationTableViewCell.swift in Sources */ = {isa = PBXBuildFile; fileRef = 10ACAD181AB2ECB7009D188E /* SettingUserInformationTableViewCell.swift */; };
		10ACAD1F1AB2ED2F009D188E /* SettingPushNotificationTableViewCell.swift in Sources */ = {isa = PBXBuildFile; fileRef = 10ACAD1E1AB2ED2F009D188E /* SettingPushNotificationTableViewCell.swift */; };
		10ACAD211AB2ED3D009D188E /* SettingGeneralTableViewCell.swift in Sources */ = {isa = PBXBuildFile; fileRef = 10ACAD201AB2ED3D009D188E /* SettingGeneralTableViewCell.swift */; };
		10ACAD231AB2EE8A009D188E /* SettingEstimoteNotificationTableViewCell.swift in Sources */ = {isa = PBXBuildFile; fileRef = 10ACAD221AB2EE8A009D188E /* SettingEstimoteNotificationTableViewCell.swift */; };
		10B0E4F11AA2F34E0065AE53 /* ShopDescriptionTableViewCell.swift in Sources */ = {isa = PBXBuildFile; fileRef = 10B0E4F01AA2F34D0065AE53 /* ShopDescriptionTableViewCell.swift */; };
		10B0E4F31AA2F3580065AE53 /* ShopLocationTableViewCell.swift in Sources */ = {isa = PBXBuildFile; fileRef = 10B0E4F21AA2F3580065AE53 /* ShopLocationTableViewCell.swift */; };
		10B0E4F51AA340260065AE53 /* ShopActivityTableViewCell.swift in Sources */ = {isa = PBXBuildFile; fileRef = 10B0E4F41AA340260065AE53 /* ShopActivityTableViewCell.swift */; };
		10B0E4F91AA341C00065AE53 /* ShopSupportTableViewCell.swift in Sources */ = {isa = PBXBuildFile; fileRef = 10B0E4F81AA341C00065AE53 /* ShopSupportTableViewCell.swift */; };
		10B0E4FC1AA34BD20065AE53 /* LocationViewController.swift in Sources */ = {isa = PBXBuildFile; fileRef = 10B0E4FB1AA34BD20065AE53 /* LocationViewController.swift */; };
		10D1FE991AB1A10C007D73B3 /* CoreBluetooth.framework in Frameworks */ = {isa = PBXBuildFile; fileRef = 10D1FE981AB1A10C007D73B3 /* CoreBluetooth.framework */; };
		10D50FED1AAEAD3D00D7E760 /* QRCodeReader.swift in Sources */ = {isa = PBXBuildFile; fileRef = 10D50FE91AAEAD3D00D7E760 /* QRCodeReader.swift */; };
		10D50FEE1AAEAD3D00D7E760 /* QRCodeViewController.swift in Sources */ = {isa = PBXBuildFile; fileRef = 10D50FEA1AAEAD3D00D7E760 /* QRCodeViewController.swift */; };
		10D50FEF1AAEAD3D00D7E760 /* ReaderOverlayView.swift in Sources */ = {isa = PBXBuildFile; fileRef = 10D50FEB1AAEAD3D00D7E760 /* ReaderOverlayView.swift */; };
		10D50FF01AAEAD3D00D7E760 /* SwitchCameraButton.swift in Sources */ = {isa = PBXBuildFile; fileRef = 10D50FEC1AAEAD3D00D7E760 /* SwitchCameraButton.swift */; };
		10E095491AB378D800A721AE /* SettingAboutViewController.swift in Sources */ = {isa = PBXBuildFile; fileRef = 10E095481AB378D800A721AE /* SettingAboutViewController.swift */; };
		10FF34891A9CF87400501CAE /* ShopCategoryTableViewCell.swift in Sources */ = {isa = PBXBuildFile; fileRef = 10FF34881A9CF87400501CAE /* ShopCategoryTableViewCell.swift */; };
		10FF348B1A9CFB3C00501CAE /* SubShopCategoryTableViewCell.swift in Sources */ = {isa = PBXBuildFile; fileRef = 10FF348A1A9CFB3C00501CAE /* SubShopCategoryTableViewCell.swift */; };
		CFA0D4024A5D035868D29FB0 /* Pods.framework in Frameworks */ = {isa = PBXBuildFile; fileRef = 56E5CA49BBE1266D55445ED0 /* Pods.framework */; settings = {ATTRIBUTES = (Weak, ); }; };
/* End PBXBuildFile section */

/* Begin PBXContainerItemProxy section */
		0C4D9E8419FC96760072BC44 /* PBXContainerItemProxy */ = {
			isa = PBXContainerItemProxy;
			containerPortal = 0C4D9E6619FC96760072BC44 /* Project object */;
			proxyType = 1;
			remoteGlobalIDString = 0C4D9E6D19FC96760072BC44;
			remoteInfo = Pros;
		};
/* End PBXContainerItemProxy section */

/* Begin PBXCopyFilesBuildPhase section */
		0C71B2F41AB597BB00A9B8D8 /* Embed Frameworks */ = {
			isa = PBXCopyFilesBuildPhase;
			buildActionMask = 12;
			dstPath = "";
			dstSubfolderSpec = 10;
			files = (
			);
			name = "Embed Frameworks";
			runOnlyForDeploymentPostprocessing = 0;
		};
		0C7B38D51AD11CB70090A315 /* Copy Frameworks */ = {
			isa = PBXCopyFilesBuildPhase;
			buildActionMask = 2147483647;
			dstPath = "";
			dstSubfolderSpec = 10;
			files = (
			);
			name = "Copy Frameworks";
			runOnlyForDeploymentPostprocessing = 0;
		};
/* End PBXCopyFilesBuildPhase section */

/* Begin PBXFileReference section */
		0C12D9571B07B0DB0071B1C0 /* ShareForm.swift */ = {isa = PBXFileReference; fileEncoding = 4; lastKnownFileType = sourcecode.swift; path = ShareForm.swift; sourceTree = "<group>"; };
		0C19866E1A41CF72006FE9A9 /* libsqlite3.0.dylib */ = {isa = PBXFileReference; lastKnownFileType = "compiled.mach-o.dylib"; name = libsqlite3.0.dylib; path = usr/lib/libsqlite3.0.dylib; sourceTree = SDKROOT; };
		0C1986701A41CF81006FE9A9 /* libstdc++.6.dylib */ = {isa = PBXFileReference; lastKnownFileType = "compiled.mach-o.dylib"; name = "libstdc++.6.dylib"; path = "usr/lib/libstdc++.6.dylib"; sourceTree = SDKROOT; };
		0C1986721A41CF8F006FE9A9 /* libstdc++.6.0.9.dylib */ = {isa = PBXFileReference; lastKnownFileType = "compiled.mach-o.dylib"; name = "libstdc++.6.0.9.dylib"; path = "usr/lib/libstdc++.6.0.9.dylib"; sourceTree = SDKROOT; };
		0C1986761A41CFBE006FE9A9 /* libz.1.1.3.dylib */ = {isa = PBXFileReference; lastKnownFileType = "compiled.mach-o.dylib"; name = libz.1.1.3.dylib; path = usr/lib/libz.1.1.3.dylib; sourceTree = SDKROOT; };
		0C1986791A41CFD5006FE9A9 /* UIKit.framework */ = {isa = PBXFileReference; lastKnownFileType = wrapper.framework; name = UIKit.framework; path = System/Library/Frameworks/UIKit.framework; sourceTree = SDKROOT; };
		0C26819E1ADADEAA00EE834B /* UIButton+Border.swift */ = {isa = PBXFileReference; fileEncoding = 4; lastKnownFileType = sourcecode.swift; path = "UIButton+Border.swift"; sourceTree = "<group>"; };
		0C2681A11ADAE40F00EE834B /* pulltorefresharrow.png */ = {isa = PBXFileReference; lastKnownFileType = image.png; path = pulltorefresharrow.png; sourceTree = "<group>"; };
		0C2681A21ADAE40F00EE834B /* PullToRefreshOption.swift */ = {isa = PBXFileReference; fileEncoding = 4; lastKnownFileType = sourcecode.swift; path = PullToRefreshOption.swift; sourceTree = "<group>"; };
		0C2681A31ADAE40F00EE834B /* PullToRefreshView.swift */ = {isa = PBXFileReference; fileEncoding = 4; lastKnownFileType = sourcecode.swift; path = PullToRefreshView.swift; sourceTree = "<group>"; };
		0C2681A41ADAE40F00EE834B /* UIScrollViewExtension.swift */ = {isa = PBXFileReference; fileEncoding = 4; lastKnownFileType = sourcecode.swift; path = UIScrollViewExtension.swift; sourceTree = "<group>"; };
		0C344AAE1A27759D003B2659 /* Foundation.framework */ = {isa = PBXFileReference; lastKnownFileType = wrapper.framework; name = Foundation.framework; path = System/Library/Frameworks/Foundation.framework; sourceTree = SDKROOT; };
		0C4815661A0CC93F00A9CF9B /* Utilities.swift */ = {isa = PBXFileReference; fileEncoding = 4; lastKnownFileType = sourcecode.swift; path = Utilities.swift; sourceTree = "<group>"; };
		0C49666A1B03442A0067169C /* NotificationForm.swift */ = {isa = PBXFileReference; fileEncoding = 4; lastKnownFileType = sourcecode.swift; path = NotificationForm.swift; sourceTree = "<group>"; };
		0C49666E1B034AFD0067169C /* InsertMembershipCardForm.swift */ = {isa = PBXFileReference; fileEncoding = 4; lastKnownFileType = sourcecode.swift; path = InsertMembershipCardForm.swift; sourceTree = "<group>"; };
		0C4966701B034B320067169C /* FeedbackForm.swift */ = {isa = PBXFileReference; fileEncoding = 4; lastKnownFileType = sourcecode.swift; path = FeedbackForm.swift; sourceTree = "<group>"; };
		0C4966721B0354220067169C /* MembershipCardForm.swift */ = {isa = PBXFileReference; fileEncoding = 4; lastKnownFileType = sourcecode.swift; path = MembershipCardForm.swift; sourceTree = "<group>"; };
		0C4966741B03560E0067169C /* MembershipCardDetailForm.swift */ = {isa = PBXFileReference; fileEncoding = 4; lastKnownFileType = sourcecode.swift; path = MembershipCardDetailForm.swift; sourceTree = "<group>"; };
		0C4D9E6E19FC96760072BC44 /* Pros.app */ = {isa = PBXFileReference; explicitFileType = wrapper.application; includeInIndex = 0; path = Pros.app; sourceTree = BUILT_PRODUCTS_DIR; };
		0C4D9E7219FC96760072BC44 /* Info.plist */ = {isa = PBXFileReference; lastKnownFileType = text.plist.xml; path = Info.plist; sourceTree = "<group>"; };
		0C4D9E7319FC96760072BC44 /* AppDelegate.swift */ = {isa = PBXFileReference; lastKnownFileType = sourcecode.swift; path = AppDelegate.swift; sourceTree = "<group>"; };
		0C4D9E7819FC96760072BC44 /* Base */ = {isa = PBXFileReference; lastKnownFileType = file.storyboard; name = Base; path = Base.lproj/Main.storyboard; sourceTree = "<group>"; };
		0C4D9E7A19FC96760072BC44 /* Images.xcassets */ = {isa = PBXFileReference; lastKnownFileType = folder.assetcatalog; path = Images.xcassets; sourceTree = "<group>"; };
		0C4D9E7D19FC96760072BC44 /* Base */ = {isa = PBXFileReference; lastKnownFileType = file.xib; name = Base; path = Base.lproj/LaunchScreen.xib; sourceTree = "<group>"; };
		0C4D9E8319FC96760072BC44 /* ProsTests.xctest */ = {isa = PBXFileReference; explicitFileType = wrapper.cfbundle; includeInIndex = 0; path = ProsTests.xctest; sourceTree = BUILT_PRODUCTS_DIR; };
		0C4D9E8819FC96760072BC44 /* Info.plist */ = {isa = PBXFileReference; lastKnownFileType = text.plist.xml; path = Info.plist; sourceTree = "<group>"; };
		0C4D9E8919FC96760072BC44 /* ProsTests.swift */ = {isa = PBXFileReference; lastKnownFileType = sourcecode.swift; path = ProsTests.swift; sourceTree = "<group>"; };
		0C4D9E9319FC97B50072BC44 /* Pros-Bridging-Header.h */ = {isa = PBXFileReference; lastKnownFileType = sourcecode.c.h; path = "Pros-Bridging-Header.h"; sourceTree = "<group>"; };
		0C4D9E9719FC97F20072BC44 /* ImagesCommon.xcassets */ = {isa = PBXFileReference; lastKnownFileType = folder.assetcatalog; path = ImagesCommon.xcassets; sourceTree = "<group>"; };
		0C4D9E9919FC98190072BC44 /* Pros.swift */ = {isa = PBXFileReference; fileEncoding = 4; lastKnownFileType = sourcecode.swift; path = Pros.swift; sourceTree = "<group>"; };
		0C4D9E9A19FC98190072BC44 /* ProsColor.swift */ = {isa = PBXFileReference; fileEncoding = 4; lastKnownFileType = sourcecode.swift; path = ProsColor.swift; sourceTree = "<group>"; };
		0C4D9E9B19FC98190072BC44 /* ProsConfig.swift */ = {isa = PBXFileReference; fileEncoding = 4; lastKnownFileType = sourcecode.swift; path = ProsConfig.swift; sourceTree = "<group>"; };
		0C4D9EA019FC98420072BC44 /* Singleton.swift */ = {isa = PBXFileReference; fileEncoding = 4; lastKnownFileType = sourcecode.swift; path = Singleton.swift; sourceTree = "<group>"; };
		0C4D9EA819FC98C20072BC44 /* UserAuthenticationViewController.swift */ = {isa = PBXFileReference; fileEncoding = 4; lastKnownFileType = sourcecode.swift; path = UserAuthenticationViewController.swift; sourceTree = "<group>"; };
		0C4D9EB719FC9BF30072BC44 /* SystemConfiguration.framework */ = {isa = PBXFileReference; lastKnownFileType = wrapper.framework; name = SystemConfiguration.framework; path = System/Library/Frameworks/SystemConfiguration.framework; sourceTree = SDKROOT; };
		0C4D9EB919FC9BFA0072BC44 /* Social.framework */ = {isa = PBXFileReference; lastKnownFileType = wrapper.framework; name = Social.framework; path = System/Library/Frameworks/Social.framework; sourceTree = SDKROOT; };
		0C4D9EBB19FC9C020072BC44 /* Security.framework */ = {isa = PBXFileReference; lastKnownFileType = wrapper.framework; name = Security.framework; path = System/Library/Frameworks/Security.framework; sourceTree = SDKROOT; };
		0C4D9EBD19FC9C0A0072BC44 /* QuartzCore.framework */ = {isa = PBXFileReference; lastKnownFileType = wrapper.framework; name = QuartzCore.framework; path = System/Library/Frameworks/QuartzCore.framework; sourceTree = SDKROOT; };
		0C4D9EBF19FC9C630072BC44 /* MobileCoreServices.framework */ = {isa = PBXFileReference; lastKnownFileType = wrapper.framework; name = MobileCoreServices.framework; path = System/Library/Frameworks/MobileCoreServices.framework; sourceTree = SDKROOT; };
		0C4D9EC119FC9C700072BC44 /* CoreLocation.framework */ = {isa = PBXFileReference; lastKnownFileType = wrapper.framework; name = CoreLocation.framework; path = System/Library/Frameworks/CoreLocation.framework; sourceTree = SDKROOT; };
		0C4D9EC319FC9C760072BC44 /* CoreGraphics.framework */ = {isa = PBXFileReference; lastKnownFileType = wrapper.framework; name = CoreGraphics.framework; path = System/Library/Frameworks/CoreGraphics.framework; sourceTree = SDKROOT; };
		0C4D9EC519FC9C7E0072BC44 /* CFNetwork.framework */ = {isa = PBXFileReference; lastKnownFileType = wrapper.framework; name = CFNetwork.framework; path = System/Library/Frameworks/CFNetwork.framework; sourceTree = SDKROOT; };
		0C4D9EC719FC9C860072BC44 /* AudioToolbox.framework */ = {isa = PBXFileReference; lastKnownFileType = wrapper.framework; name = AudioToolbox.framework; path = System/Library/Frameworks/AudioToolbox.framework; sourceTree = SDKROOT; };
		0C4D9EC919FC9C8C0072BC44 /* Accounts.framework */ = {isa = PBXFileReference; lastKnownFileType = wrapper.framework; name = Accounts.framework; path = System/Library/Frameworks/Accounts.framework; sourceTree = SDKROOT; };
		0C4D9ECB19FC9CA90072BC44 /* libz.dylib */ = {isa = PBXFileReference; lastKnownFileType = "compiled.mach-o.dylib"; name = libz.dylib; path = usr/lib/libz.dylib; sourceTree = SDKROOT; };
		0C4EC5251ADCFB0000217C60 /* ISO8601DateFormatter.h */ = {isa = PBXFileReference; fileEncoding = 4; lastKnownFileType = sourcecode.c.h; path = ISO8601DateFormatter.h; sourceTree = "<group>"; };
		0C4EC5261ADCFB0000217C60 /* ISO8601DateFormatter.m */ = {isa = PBXFileReference; fileEncoding = 4; lastKnownFileType = sourcecode.c.objc; path = ISO8601DateFormatter.m; sourceTree = "<group>"; };
		0C527ABD1AF3B712004241A9 /* Feedback.swift */ = {isa = PBXFileReference; fileEncoding = 4; lastKnownFileType = sourcecode.swift; path = Feedback.swift; sourceTree = "<group>"; };
		0C527AC51AF3CC73004241A9 /* SubmitFeedbackForm.swift */ = {isa = PBXFileReference; fileEncoding = 4; lastKnownFileType = sourcecode.swift; path = SubmitFeedbackForm.swift; sourceTree = "<group>"; };
		0C5723771A24B16700C86676 /* UserDefaults.swift */ = {isa = PBXFileReference; fileEncoding = 4; lastKnownFileType = sourcecode.swift; path = UserDefaults.swift; sourceTree = "<group>"; };
		0C5A1DFB1B03A447007F9417 /* PromotionDetailForm.swift */ = {isa = PBXFileReference; fileEncoding = 4; lastKnownFileType = sourcecode.swift; path = PromotionDetailForm.swift; sourceTree = "<group>"; };
		0C5A1DFD1B03A5D4007F9417 /* ShopForm.swift */ = {isa = PBXFileReference; fileEncoding = 4; lastKnownFileType = sourcecode.swift; path = ShopForm.swift; sourceTree = "<group>"; };
		0C5A1DFF1B03A702007F9417 /* SubscribeForm.swift */ = {isa = PBXFileReference; fileEncoding = 4; lastKnownFileType = sourcecode.swift; path = SubscribeForm.swift; sourceTree = "<group>"; };
		0C6572881AD7F6BA00D6DCB7 /* FBAudienceNetwork.framework */ = {isa = PBXFileReference; lastKnownFileType = wrapper.framework; path = FBAudienceNetwork.framework; sourceTree = "<group>"; };
		0C6572891AD7F6BA00D6DCB7 /* FBSDKCoreKit.framework */ = {isa = PBXFileReference; lastKnownFileType = wrapper.framework; path = FBSDKCoreKit.framework; sourceTree = "<group>"; };
		0C65728A1AD7F6BA00D6DCB7 /* FBSDKLoginKit.framework */ = {isa = PBXFileReference; lastKnownFileType = wrapper.framework; path = FBSDKLoginKit.framework; sourceTree = "<group>"; };
		0C65728B1AD7F6BA00D6DCB7 /* FBSDKMessengerShareKit.framework */ = {isa = PBXFileReference; lastKnownFileType = wrapper.framework; path = FBSDKMessengerShareKit.framework; sourceTree = "<group>"; };
		0C65728C1AD7F6BA00D6DCB7 /* FBSDKShareKit.framework */ = {isa = PBXFileReference; lastKnownFileType = wrapper.framework; path = FBSDKShareKit.framework; sourceTree = "<group>"; };
		0C6572931AD7F77800D6DCB7 /* Bolts.framework */ = {isa = PBXFileReference; lastKnownFileType = wrapper.framework; path = Bolts.framework; sourceTree = "<group>"; };
		0C6A26B41AF8F3F600946488 /* CNPPopupController.h */ = {isa = PBXFileReference; fileEncoding = 4; lastKnownFileType = sourcecode.c.h; path = CNPPopupController.h; sourceTree = "<group>"; };
		0C6A26B51AF8F3F600946488 /* CNPPopupController.m */ = {isa = PBXFileReference; fileEncoding = 4; lastKnownFileType = sourcecode.c.objc; path = CNPPopupController.m; sourceTree = "<group>"; };
		0C71B2F91AB5F32D00A9B8D8 /* ProsHTTPClient.swift */ = {isa = PBXFileReference; fileEncoding = 4; lastKnownFileType = sourcecode.swift; path = ProsHTTPClient.swift; sourceTree = "<group>"; };
		0C71B2FB1AB5F3B200A9B8D8 /* ProsAPIClient.swift */ = {isa = PBXFileReference; fileEncoding = 4; lastKnownFileType = sourcecode.swift; path = ProsAPIClient.swift; sourceTree = "<group>"; };
		0C7CBE5D1ACE72BD00972C61 /* LoginWithFacebookForm.swift */ = {isa = PBXFileReference; fileEncoding = 4; lastKnownFileType = sourcecode.swift; path = LoginWithFacebookForm.swift; sourceTree = "<group>"; };
		0C84911C1ADBF5CE0070F29D /* NSDateISO8601.swift */ = {isa = PBXFileReference; fileEncoding = 4; lastKnownFileType = sourcecode.swift; path = NSDateISO8601.swift; sourceTree = "<group>"; };
		0C87687C1A2E18CC00163204 /* RKCardView.h */ = {isa = PBXFileReference; fileEncoding = 4; lastKnownFileType = sourcecode.c.h; path = RKCardView.h; sourceTree = "<group>"; };
		0C87687D1A2E18CC00163204 /* RKCardView.m */ = {isa = PBXFileReference; fileEncoding = 4; lastKnownFileType = sourcecode.c.objc; path = RKCardView.m; sourceTree = "<group>"; };
		0C8F37711AD133CC005F111C /* Picture.swift */ = {isa = PBXFileReference; fileEncoding = 4; lastKnownFileType = sourcecode.swift; path = Picture.swift; sourceTree = "<group>"; };
		0C8F37741AD1B780005F111C /* LoginWithFacebookResponse.swift */ = {isa = PBXFileReference; fileEncoding = 4; lastKnownFileType = sourcecode.swift; path = LoginWithFacebookResponse.swift; sourceTree = "<group>"; };
		0C96ADE11AF695180069A375 /* ESTBeacon.h */ = {isa = PBXFileReference; fileEncoding = 4; lastKnownFileType = sourcecode.c.h; path = ESTBeacon.h; sourceTree = "<group>"; };
		0C96ADE21AF695180069A375 /* ESTBeaconDefinitions.h */ = {isa = PBXFileReference; fileEncoding = 4; lastKnownFileType = sourcecode.c.h; path = ESTBeaconDefinitions.h; sourceTree = "<group>"; };
		0C96ADE31AF695180069A375 /* ESTBeaconFirmwareVO.h */ = {isa = PBXFileReference; fileEncoding = 4; lastKnownFileType = sourcecode.c.h; path = ESTBeaconFirmwareVO.h; sourceTree = "<group>"; };
		0C96ADE41AF695180069A375 /* ESTBeaconManager.h */ = {isa = PBXFileReference; fileEncoding = 4; lastKnownFileType = sourcecode.c.h; path = ESTBeaconManager.h; sourceTree = "<group>"; };
		0C96ADE51AF695180069A375 /* ESTBeaconRegion.h */ = {isa = PBXFileReference; fileEncoding = 4; lastKnownFileType = sourcecode.c.h; path = ESTBeaconRegion.h; sourceTree = "<group>"; };
		0C96ADE61AF695180069A375 /* ESTBeaconUpdateConfig.h */ = {isa = PBXFileReference; fileEncoding = 4; lastKnownFileType = sourcecode.c.h; path = ESTBeaconUpdateConfig.h; sourceTree = "<group>"; };
		0C96ADE71AF695180069A375 /* ESTBeaconUpdateInfo.h */ = {isa = PBXFileReference; fileEncoding = 4; lastKnownFileType = sourcecode.c.h; path = ESTBeaconUpdateInfo.h; sourceTree = "<group>"; };
		0C96ADE81AF695180069A375 /* ESTBeaconVO.h */ = {isa = PBXFileReference; fileEncoding = 4; lastKnownFileType = sourcecode.c.h; path = ESTBeaconVO.h; sourceTree = "<group>"; };
		0C96ADE91AF695180069A375 /* ESTBulkUpdater.h */ = {isa = PBXFileReference; fileEncoding = 4; lastKnownFileType = sourcecode.c.h; path = ESTBulkUpdater.h; sourceTree = "<group>"; };
		0C96ADEA1AF695180069A375 /* ESTConfig.h */ = {isa = PBXFileReference; fileEncoding = 4; lastKnownFileType = sourcecode.c.h; path = ESTConfig.h; sourceTree = "<group>"; };
		0C96ADEB1AF695180069A375 /* ESTDateRule.h */ = {isa = PBXFileReference; fileEncoding = 4; lastKnownFileType = sourcecode.c.h; path = ESTDateRule.h; sourceTree = "<group>"; };
		0C96ADEC1AF695180069A375 /* ESTDefinitions.h */ = {isa = PBXFileReference; fileEncoding = 4; lastKnownFileType = sourcecode.c.h; path = ESTDefinitions.h; sourceTree = "<group>"; };
		0C96ADED1AF695180069A375 /* ESTFirmwareInfoVO.h */ = {isa = PBXFileReference; fileEncoding = 4; lastKnownFileType = sourcecode.c.h; path = ESTFirmwareInfoVO.h; sourceTree = "<group>"; };
		0C96ADEE1AF695180069A375 /* ESTMotionRule.h */ = {isa = PBXFileReference; fileEncoding = 4; lastKnownFileType = sourcecode.c.h; path = ESTMotionRule.h; sourceTree = "<group>"; };
		0C96ADEF1AF695180069A375 /* ESTNearable.h */ = {isa = PBXFileReference; fileEncoding = 4; lastKnownFileType = sourcecode.c.h; path = ESTNearable.h; sourceTree = "<group>"; };
		0C96ADF01AF695180069A375 /* ESTNearableDefinitions.h */ = {isa = PBXFileReference; fileEncoding = 4; lastKnownFileType = sourcecode.c.h; path = ESTNearableDefinitions.h; sourceTree = "<group>"; };
		0C96ADF11AF695180069A375 /* ESTNearableManager.h */ = {isa = PBXFileReference; fileEncoding = 4; lastKnownFileType = sourcecode.c.h; path = ESTNearableManager.h; sourceTree = "<group>"; };
		0C96ADF21AF695180069A375 /* ESTNearableRule.h */ = {isa = PBXFileReference; fileEncoding = 4; lastKnownFileType = sourcecode.c.h; path = ESTNearableRule.h; sourceTree = "<group>"; };
		0C96ADF31AF695180069A375 /* ESTOrientationRule.h */ = {isa = PBXFileReference; fileEncoding = 4; lastKnownFileType = sourcecode.c.h; path = ESTOrientationRule.h; sourceTree = "<group>"; };
		0C96ADF41AF695180069A375 /* ESTProximityRule.h */ = {isa = PBXFileReference; fileEncoding = 4; lastKnownFileType = sourcecode.c.h; path = ESTProximityRule.h; sourceTree = "<group>"; };
		0C96ADF51AF695180069A375 /* ESTRule.h */ = {isa = PBXFileReference; fileEncoding = 4; lastKnownFileType = sourcecode.c.h; path = ESTRule.h; sourceTree = "<group>"; };
		0C96ADF61AF695180069A375 /* ESTTemperatureRule.h */ = {isa = PBXFileReference; fileEncoding = 4; lastKnownFileType = sourcecode.c.h; path = ESTTemperatureRule.h; sourceTree = "<group>"; };
		0C96ADF71AF695180069A375 /* ESTTrigger.h */ = {isa = PBXFileReference; fileEncoding = 4; lastKnownFileType = sourcecode.c.h; path = ESTTrigger.h; sourceTree = "<group>"; };
		0C96ADF81AF695180069A375 /* ESTTriggerManager.h */ = {isa = PBXFileReference; fileEncoding = 4; lastKnownFileType = sourcecode.c.h; path = ESTTriggerManager.h; sourceTree = "<group>"; };
		0C96ADF91AF695180069A375 /* libEstimoteSDK.a */ = {isa = PBXFileReference; lastKnownFileType = archive.ar; path = libEstimoteSDK.a; sourceTree = "<group>"; };
		0C9782F61AD6407D001962BA /* UserSession.swift */ = {isa = PBXFileReference; fileEncoding = 4; lastKnownFileType = sourcecode.swift; path = UserSession.swift; sourceTree = "<group>"; };
		0C9E50091AB75B54008BC2DA /* CardDetailViewController.swift */ = {isa = PBXFileReference; fileEncoding = 4; lastKnownFileType = sourcecode.swift; path = CardDetailViewController.swift; sourceTree = "<group>"; };
		0CAA030F1ADFB10A00750C75 /* ActivityService.swift */ = {isa = PBXFileReference; fileEncoding = 4; lastKnownFileType = sourcecode.swift; path = ActivityService.swift; sourceTree = "<group>"; };
		0CAA03111ADFB15E00750C75 /* BaseService.swift */ = {isa = PBXFileReference; fileEncoding = 4; lastKnownFileType = sourcecode.swift; path = BaseService.swift; sourceTree = "<group>"; };
		0CD708FA1A029B0B00D9D016 /* User.swift */ = {isa = PBXFileReference; fileEncoding = 4; lastKnownFileType = sourcecode.swift; path = User.swift; sourceTree = "<group>"; };
		0CD965621B0731050062ACEC /* PromotionLikeToggleForm.swift */ = {isa = PBXFileReference; fileEncoding = 4; lastKnownFileType = sourcecode.swift; path = PromotionLikeToggleForm.swift; sourceTree = "<group>"; };
		0CD965641B07317C0062ACEC /* ShopSubscribeToggleForm.swift */ = {isa = PBXFileReference; fileEncoding = 4; lastKnownFileType = sourcecode.swift; path = ShopSubscribeToggleForm.swift; sourceTree = "<group>"; };
		0CD965661B0790930062ACEC /* LikeForm.swift */ = {isa = PBXFileReference; fileEncoding = 4; lastKnownFileType = sourcecode.swift; path = LikeForm.swift; sourceTree = "<group>"; };
		0CE33B981AD94F1A005E1803 /* UIImage+ImageEffects.h */ = {isa = PBXFileReference; fileEncoding = 4; lastKnownFileType = sourcecode.c.h; path = "UIImage+ImageEffects.h"; sourceTree = "<group>"; };
		0CE33B991AD94F1A005E1803 /* UIImage+ImageEffects.m */ = {isa = PBXFileReference; fileEncoding = 4; lastKnownFileType = sourcecode.c.objc; path = "UIImage+ImageEffects.m"; sourceTree = "<group>"; };
		0CE33BA01AD9A220005E1803 /* NSDate+Extension.swift */ = {isa = PBXFileReference; fileEncoding = 4; lastKnownFileType = sourcecode.swift; path = "NSDate+Extension.swift"; sourceTree = "<group>"; };
		0CE33BA21AD9A537005E1803 /* NSDateTimeAgo.bundle */ = {isa = PBXFileReference; lastKnownFileType = "wrapper.plug-in"; path = NSDateTimeAgo.bundle; sourceTree = "<group>"; };
		0CEDE2E91A03BAAC0067A3C5 /* BaseViewController.swift */ = {isa = PBXFileReference; fileEncoding = 4; lastKnownFileType = sourcecode.swift; path = BaseViewController.swift; sourceTree = "<group>"; };
		0CEDE2EB1A03BACB0067A3C5 /* BaseTableViewController.swift */ = {isa = PBXFileReference; fileEncoding = 4; lastKnownFileType = sourcecode.swift; path = BaseTableViewController.swift; sourceTree = "<group>"; };
		0CEEEE861AB90DD300C0362D /* PromotionDetail.swift */ = {isa = PBXFileReference; fileEncoding = 4; lastKnownFileType = sourcecode.swift; path = PromotionDetail.swift; sourceTree = "<group>"; };
		102156D41AB1BDD4004EC6C9 /* EstimoteBeaconsViewController.swift */ = {isa = PBXFileReference; fileEncoding = 4; lastKnownFileType = sourcecode.swift; path = EstimoteBeaconsViewController.swift; sourceTree = "<group>"; };
		1052999C1A9AFB440044F6FA /* PromotionDetailViewController.swift */ = {isa = PBXFileReference; fileEncoding = 4; lastKnownFileType = sourcecode.swift; path = PromotionDetailViewController.swift; sourceTree = "<group>"; };
		1052999E1A9B00340044F6FA /* PromotionDetailTableViewCell.swift */ = {isa = PBXFileReference; fileEncoding = 4; lastKnownFileType = sourcecode.swift; path = PromotionDetailTableViewCell.swift; sourceTree = "<group>"; };
		105448471A9F3587000CC601 /* ParallaxHeaderView.h */ = {isa = PBXFileReference; fileEncoding = 4; lastKnownFileType = sourcecode.c.h; path = ParallaxHeaderView.h; sourceTree = "<group>"; };
		105448481A9F3587000CC601 /* ParallaxHeaderView.m */ = {isa = PBXFileReference; fileEncoding = 4; lastKnownFileType = sourcecode.c.objc; path = ParallaxHeaderView.m; sourceTree = "<group>"; };
		10758A6D1A98966A00160204 /* PromotionViewController.swift */ = {isa = PBXFileReference; fileEncoding = 4; lastKnownFileType = sourcecode.swift; path = PromotionViewController.swift; sourceTree = "<group>"; };
		10758A701A989D8B00160204 /* CardViewController.swift */ = {isa = PBXFileReference; fileEncoding = 4; lastKnownFileType = sourcecode.swift; path = CardViewController.swift; sourceTree = "<group>"; };
		10758A721A989E4200160204 /* Promotion.swift */ = {isa = PBXFileReference; fileEncoding = 4; lastKnownFileType = sourcecode.swift; path = Promotion.swift; sourceTree = "<group>"; };
		10758A761A989E5800160204 /* Setting.swift */ = {isa = PBXFileReference; fileEncoding = 4; lastKnownFileType = sourcecode.swift; path = Setting.swift; sourceTree = "<group>"; };
		10758A781A989E6100160204 /* Card.swift */ = {isa = PBXFileReference; fileEncoding = 4; lastKnownFileType = sourcecode.swift; path = Card.swift; sourceTree = "<group>"; };
		10758A7A1A98AC9100160204 /* NotificationViewController.swift */ = {isa = PBXFileReference; fileEncoding = 4; lastKnownFileType = sourcecode.swift; path = NotificationViewController.swift; sourceTree = "<group>"; };
		10758A7C1A98AC9D00160204 /* SettingViewController.swift */ = {isa = PBXFileReference; fileEncoding = 4; lastKnownFileType = sourcecode.swift; path = SettingViewController.swift; sourceTree = "<group>"; };
		10758A801A98BCF200160204 /* ShopCategory.swift */ = {isa = PBXFileReference; fileEncoding = 4; lastKnownFileType = sourcecode.swift; path = ShopCategory.swift; sourceTree = "<group>"; };
		10758A821A98BD2200160204 /* Shop.swift */ = {isa = PBXFileReference; fileEncoding = 4; lastKnownFileType = sourcecode.swift; path = Shop.swift; sourceTree = "<group>"; };
		10758A841A98BDFD00160204 /* SubShopCategory.swift */ = {isa = PBXFileReference; fileEncoding = 4; lastKnownFileType = sourcecode.swift; path = SubShopCategory.swift; sourceTree = "<group>"; };
		10758A861A98BED400160204 /* Notification.swift */ = {isa = PBXFileReference; fileEncoding = 4; lastKnownFileType = sourcecode.swift; path = Notification.swift; sourceTree = "<group>"; };
		10758A891A98C3C800160204 /* ShopCategoryViewController.swift */ = {isa = PBXFileReference; fileEncoding = 4; lastKnownFileType = sourcecode.swift; path = ShopCategoryViewController.swift; sourceTree = "<group>"; };
		10758A8B1A98C3D700160204 /* SubShopCategoryViewController.swift */ = {isa = PBXFileReference; fileEncoding = 4; lastKnownFileType = sourcecode.swift; path = SubShopCategoryViewController.swift; sourceTree = "<group>"; };
		10758A8D1A98C3E000160204 /* ShopViewController.swift */ = {isa = PBXFileReference; fileEncoding = 4; lastKnownFileType = sourcecode.swift; path = ShopViewController.swift; sourceTree = "<group>"; };
		108C0F7C1AA20488002E2387 /* FeedbackViewController.swift */ = {isa = PBXFileReference; fileEncoding = 4; lastKnownFileType = sourcecode.swift; path = FeedbackViewController.swift; sourceTree = "<group>"; };
		1093DF671AAC445A0070E2A1 /* NotificationTableViewCell.swift */ = {isa = PBXFileReference; fileEncoding = 4; lastKnownFileType = sourcecode.swift; path = NotificationTableViewCell.swift; sourceTree = "<group>"; };
		10974EB61A9A5640002DD4D5 /* PromotionTableViewCell.swift */ = {isa = PBXFileReference; fileEncoding = 4; lastKnownFileType = sourcecode.swift; path = PromotionTableViewCell.swift; sourceTree = "<group>"; };
		10ACAD181AB2ECB7009D188E /* SettingUserInformationTableViewCell.swift */ = {isa = PBXFileReference; fileEncoding = 4; lastKnownFileType = sourcecode.swift; path = SettingUserInformationTableViewCell.swift; sourceTree = "<group>"; };
		10ACAD1E1AB2ED2F009D188E /* SettingPushNotificationTableViewCell.swift */ = {isa = PBXFileReference; fileEncoding = 4; lastKnownFileType = sourcecode.swift; path = SettingPushNotificationTableViewCell.swift; sourceTree = "<group>"; };
		10ACAD201AB2ED3D009D188E /* SettingGeneralTableViewCell.swift */ = {isa = PBXFileReference; fileEncoding = 4; lastKnownFileType = sourcecode.swift; path = SettingGeneralTableViewCell.swift; sourceTree = "<group>"; };
		10ACAD221AB2EE8A009D188E /* SettingEstimoteNotificationTableViewCell.swift */ = {isa = PBXFileReference; fileEncoding = 4; lastKnownFileType = sourcecode.swift; path = SettingEstimoteNotificationTableViewCell.swift; sourceTree = "<group>"; };
		10B0E4F01AA2F34D0065AE53 /* ShopDescriptionTableViewCell.swift */ = {isa = PBXFileReference; fileEncoding = 4; lastKnownFileType = sourcecode.swift; path = ShopDescriptionTableViewCell.swift; sourceTree = "<group>"; };
		10B0E4F21AA2F3580065AE53 /* ShopLocationTableViewCell.swift */ = {isa = PBXFileReference; fileEncoding = 4; lastKnownFileType = sourcecode.swift; path = ShopLocationTableViewCell.swift; sourceTree = "<group>"; };
		10B0E4F41AA340260065AE53 /* ShopActivityTableViewCell.swift */ = {isa = PBXFileReference; fileEncoding = 4; lastKnownFileType = sourcecode.swift; path = ShopActivityTableViewCell.swift; sourceTree = "<group>"; };
		10B0E4F81AA341C00065AE53 /* ShopSupportTableViewCell.swift */ = {isa = PBXFileReference; fileEncoding = 4; lastKnownFileType = sourcecode.swift; path = ShopSupportTableViewCell.swift; sourceTree = "<group>"; };
		10B0E4FB1AA34BD20065AE53 /* LocationViewController.swift */ = {isa = PBXFileReference; fileEncoding = 4; lastKnownFileType = sourcecode.swift; path = LocationViewController.swift; sourceTree = "<group>"; };
		10D1FE981AB1A10C007D73B3 /* CoreBluetooth.framework */ = {isa = PBXFileReference; lastKnownFileType = wrapper.framework; name = CoreBluetooth.framework; path = System/Library/Frameworks/CoreBluetooth.framework; sourceTree = SDKROOT; };
		10D475971AA434EA007795AB /* MapKit.framework */ = {isa = PBXFileReference; lastKnownFileType = wrapper.framework; name = MapKit.framework; path = System/Library/Frameworks/MapKit.framework; sourceTree = SDKROOT; };
		10D50FE91AAEAD3D00D7E760 /* QRCodeReader.swift */ = {isa = PBXFileReference; fileEncoding = 4; lastKnownFileType = sourcecode.swift; path = QRCodeReader.swift; sourceTree = "<group>"; };
		10D50FEA1AAEAD3D00D7E760 /* QRCodeViewController.swift */ = {isa = PBXFileReference; fileEncoding = 4; lastKnownFileType = sourcecode.swift; path = QRCodeViewController.swift; sourceTree = "<group>"; };
		10D50FEB1AAEAD3D00D7E760 /* ReaderOverlayView.swift */ = {isa = PBXFileReference; fileEncoding = 4; lastKnownFileType = sourcecode.swift; path = ReaderOverlayView.swift; sourceTree = "<group>"; };
		10D50FEC1AAEAD3D00D7E760 /* SwitchCameraButton.swift */ = {isa = PBXFileReference; fileEncoding = 4; lastKnownFileType = sourcecode.swift; path = SwitchCameraButton.swift; sourceTree = "<group>"; };
		10E095481AB378D800A721AE /* SettingAboutViewController.swift */ = {isa = PBXFileReference; fileEncoding = 4; lastKnownFileType = sourcecode.swift; path = SettingAboutViewController.swift; sourceTree = "<group>"; };
		10FF34881A9CF87400501CAE /* ShopCategoryTableViewCell.swift */ = {isa = PBXFileReference; fileEncoding = 4; lastKnownFileType = sourcecode.swift; path = ShopCategoryTableViewCell.swift; sourceTree = "<group>"; };
		10FF348A1A9CFB3C00501CAE /* SubShopCategoryTableViewCell.swift */ = {isa = PBXFileReference; fileEncoding = 4; lastKnownFileType = sourcecode.swift; path = SubShopCategoryTableViewCell.swift; sourceTree = "<group>"; };
		56E5CA49BBE1266D55445ED0 /* Pods.framework */ = {isa = PBXFileReference; explicitFileType = wrapper.framework; includeInIndex = 0; path = Pods.framework; sourceTree = BUILT_PRODUCTS_DIR; };
		8A774CD94B36DF404BDC1A14 /* Pods.release.xcconfig */ = {isa = PBXFileReference; includeInIndex = 1; lastKnownFileType = text.xcconfig; name = Pods.release.xcconfig; path = "Pods/Target Support Files/Pods/Pods.release.xcconfig"; sourceTree = "<group>"; };
		A31BBC70FDDF69FA1CD27380 /* Pods.debug.xcconfig */ = {isa = PBXFileReference; includeInIndex = 1; lastKnownFileType = text.xcconfig; name = Pods.debug.xcconfig; path = "Pods/Target Support Files/Pods/Pods.debug.xcconfig"; sourceTree = "<group>"; };
/* End PBXFileReference section */

/* Begin PBXFrameworksBuildPhase section */
		0C4D9E6B19FC96760072BC44 /* Frameworks */ = {
			isa = PBXFrameworksBuildPhase;
			buildActionMask = 2147483647;
			files = (
				10D1FE991AB1A10C007D73B3 /* CoreBluetooth.framework in Frameworks */,
				1068B4FA1AA7041B00EABCFC /* CoreLocation.framework in Frameworks */,
				1068B4F91AA703FF00EABCFC /* MapKit.framework in Frameworks */,
				0C1986771A41CFBE006FE9A9 /* libz.1.1.3.dylib in Frameworks */,
				0C6572921AD7F6BA00D6DCB7 /* FBSDKShareKit.framework in Frameworks */,
				0C1986751A41CFB4006FE9A9 /* libstdc++.6.0.9.dylib in Frameworks */,
				0C1986741A41CFA5006FE9A9 /* libsqlite3.0.dylib in Frameworks */,
				0C6572941AD7F77800D6DCB7 /* Bolts.framework in Frameworks */,
				0C65728E1AD7F6BA00D6DCB7 /* FBAudienceNetwork.framework in Frameworks */,
				0C4D9ECC19FC9CA90072BC44 /* libz.dylib in Frameworks */,
				0C4D9ECA19FC9C8C0072BC44 /* Accounts.framework in Frameworks */,
				0C4D9EC819FC9C860072BC44 /* AudioToolbox.framework in Frameworks */,
				0C96ADFA1AF695180069A375 /* libEstimoteSDK.a in Frameworks */,
				0C6572911AD7F6BA00D6DCB7 /* FBSDKMessengerShareKit.framework in Frameworks */,
				0C4D9EC419FC9C760072BC44 /* CoreGraphics.framework in Frameworks */,
				0C4D9EBE19FC9C0A0072BC44 /* QuartzCore.framework in Frameworks */,
				0C6572901AD7F6BA00D6DCB7 /* FBSDKLoginKit.framework in Frameworks */,
				0C4D9EBC19FC9C020072BC44 /* Security.framework in Frameworks */,
				0C4D9EBA19FC9BFA0072BC44 /* Social.framework in Frameworks */,
				0C4D9EC019FC9C630072BC44 /* MobileCoreServices.framework in Frameworks */,
				0C4D9EB819FC9BF30072BC44 /* SystemConfiguration.framework in Frameworks */,
				0C4D9EC619FC9C7E0072BC44 /* CFNetwork.framework in Frameworks */,
				0C65728F1AD7F6BA00D6DCB7 /* FBSDKCoreKit.framework in Frameworks */,
				0C19867A1A41CFD5006FE9A9 /* UIKit.framework in Frameworks */,
				0C1986781A41CFCA006FE9A9 /* Foundation.framework in Frameworks */,
				CFA0D4024A5D035868D29FB0 /* Pods.framework in Frameworks */,
			);
			runOnlyForDeploymentPostprocessing = 0;
		};
		0C4D9E8019FC96760072BC44 /* Frameworks */ = {
			isa = PBXFrameworksBuildPhase;
			buildActionMask = 2147483647;
			files = (
			);
			runOnlyForDeploymentPostprocessing = 0;
		};
/* End PBXFrameworksBuildPhase section */

/* Begin PBXGroup section */
		0C02209C1ACC5BF10019C450 /* Form */ = {
			isa = PBXGroup;
			children = (
				0C7CBE5D1ACE72BD00972C61 /* LoginWithFacebookForm.swift */,
				0C527AC51AF3CC73004241A9 /* SubmitFeedbackForm.swift */,
				0C49666A1B03442A0067169C /* NotificationForm.swift */,
				0C49666E1B034AFD0067169C /* InsertMembershipCardForm.swift */,
				0C4966721B0354220067169C /* MembershipCardForm.swift */,
				0C4966741B03560E0067169C /* MembershipCardDetailForm.swift */,
				0C4966701B034B320067169C /* FeedbackForm.swift */,
				0C5A1DFB1B03A447007F9417 /* PromotionDetailForm.swift */,
				0C5A1DFF1B03A702007F9417 /* SubscribeForm.swift */,
				0C5A1DFD1B03A5D4007F9417 /* ShopForm.swift */,
				0CD965621B0731050062ACEC /* PromotionLikeToggleForm.swift */,
				0CD965641B07317C0062ACEC /* ShopSubscribeToggleForm.swift */,
				0CD965661B0790930062ACEC /* LikeForm.swift */,
				0C12D9571B07B0DB0071B1C0 /* ShareForm.swift */,
			);
			path = Form;
			sourceTree = "<group>";
		};
		0C2681A01ADAE40F00EE834B /* PullToRefreshSwift */ = {
			isa = PBXGroup;
			children = (
				0C2681A11ADAE40F00EE834B /* pulltorefresharrow.png */,
				0C2681A21ADAE40F00EE834B /* PullToRefreshOption.swift */,
				0C2681A31ADAE40F00EE834B /* PullToRefreshView.swift */,
				0C2681A41ADAE40F00EE834B /* UIScrollViewExtension.swift */,
			);
			path = PullToRefreshSwift;
			sourceTree = "<group>";
		};
		0C4D9E6519FC96760072BC44 = {
			isa = PBXGroup;
			children = (
				10D1FE981AB1A10C007D73B3 /* CoreBluetooth.framework */,
				10D475971AA434EA007795AB /* MapKit.framework */,
				0C1986791A41CFD5006FE9A9 /* UIKit.framework */,
				0C1986761A41CFBE006FE9A9 /* libz.1.1.3.dylib */,
				0C1986721A41CF8F006FE9A9 /* libstdc++.6.0.9.dylib */,
				0C1986701A41CF81006FE9A9 /* libstdc++.6.dylib */,
				0C19866E1A41CF72006FE9A9 /* libsqlite3.0.dylib */,
				0C344AAE1A27759D003B2659 /* Foundation.framework */,
				0C4D9ECB19FC9CA90072BC44 /* libz.dylib */,
				0C4D9EC919FC9C8C0072BC44 /* Accounts.framework */,
				0C4D9EC719FC9C860072BC44 /* AudioToolbox.framework */,
				0C4D9EC519FC9C7E0072BC44 /* CFNetwork.framework */,
				0C4D9EC319FC9C760072BC44 /* CoreGraphics.framework */,
				0C4D9EC119FC9C700072BC44 /* CoreLocation.framework */,
				0C4D9EBF19FC9C630072BC44 /* MobileCoreServices.framework */,
				0C4D9EBD19FC9C0A0072BC44 /* QuartzCore.framework */,
				0C4D9EBB19FC9C020072BC44 /* Security.framework */,
				0C4D9EB919FC9BFA0072BC44 /* Social.framework */,
				0C4D9EB719FC9BF30072BC44 /* SystemConfiguration.framework */,
				0C4D9E7019FC96760072BC44 /* Pros */,
				0C4D9E8619FC96760072BC44 /* ProsTests */,
				0C4D9E6F19FC96760072BC44 /* Products */,
				6319CE9DF2BE022F2409D8EA /* Pods */,
				B96942117803A02EE2B3A1B3 /* Frameworks */,
			);
			sourceTree = "<group>";
		};
		0C4D9E6F19FC96760072BC44 /* Products */ = {
			isa = PBXGroup;
			children = (
				0C4D9E6E19FC96760072BC44 /* Pros.app */,
				0C4D9E8319FC96760072BC44 /* ProsTests.xctest */,
			);
			name = Products;
			sourceTree = "<group>";
		};
		0C4D9E7019FC96760072BC44 /* Pros */ = {
			isa = PBXGroup;
			children = (
				0C4D9E7A19FC96760072BC44 /* Images.xcassets */,
				0C4D9E9719FC97F20072BC44 /* ImagesCommon.xcassets */,
				0C4D9E9319FC97B50072BC44 /* Pros-Bridging-Header.h */,
				0C4D9E9919FC98190072BC44 /* Pros.swift */,
				0C4D9E9A19FC98190072BC44 /* ProsColor.swift */,
				0C4D9E9B19FC98190072BC44 /* ProsConfig.swift */,
				0C4D9E7319FC96760072BC44 /* AppDelegate.swift */,
				0C4D9E7719FC96760072BC44 /* Main.storyboard */,
				0C4D9E7C19FC96760072BC44 /* LaunchScreen.xib */,
				0C71B2F71AB5F16900A9B8D8 /* HTTPClient */,
				0C71B2F81AB5F18700A9B8D8 /* APIClient */,
				0C8F37731AD1B768005F111C /* Response */,
				0CAA03081ADFB0C900750C75 /* Service */,
				0C02209C1ACC5BF10019C450 /* Form */,
				1054484A1A9F4BB4000CC601 /* Extensions */,
				0C4D9E9F19FC98420072BC44 /* Utility */,
				0C4D9EA219FC98C20072BC44 /* Controller */,
				0C4D9EAF19FC98C20072BC44 /* Model */,
				0CA345221ADE71AA00D77EFC /* View */,
				0C4D9EA919FC98C20072BC44 /* Library */,
				0C4D9E7119FC96760072BC44 /* Supporting Files */,
			);
			path = Pros;
			sourceTree = "<group>";
		};
		0C4D9E7119FC96760072BC44 /* Supporting Files */ = {
			isa = PBXGroup;
			children = (
				0C4D9E7219FC96760072BC44 /* Info.plist */,
			);
			name = "Supporting Files";
			sourceTree = "<group>";
		};
		0C4D9E8619FC96760072BC44 /* ProsTests */ = {
			isa = PBXGroup;
			children = (
				0C4D9E8919FC96760072BC44 /* ProsTests.swift */,
				0C4D9E8719FC96760072BC44 /* Supporting Files */,
			);
			path = ProsTests;
			sourceTree = "<group>";
		};
		0C4D9E8719FC96760072BC44 /* Supporting Files */ = {
			isa = PBXGroup;
			children = (
				0C4D9E8819FC96760072BC44 /* Info.plist */,
			);
			name = "Supporting Files";
			sourceTree = "<group>";
		};
		0C4D9E9F19FC98420072BC44 /* Utility */ = {
			isa = PBXGroup;
			children = (
				0C5723771A24B16700C86676 /* UserDefaults.swift */,
				0C9782F61AD6407D001962BA /* UserSession.swift */,
				0C4D9EA019FC98420072BC44 /* Singleton.swift */,
				0C4815661A0CC93F00A9CF9B /* Utilities.swift */,
			);
			path = Utility;
			sourceTree = "<group>";
		};
		0C4D9EA219FC98C20072BC44 /* Controller */ = {
			isa = PBXGroup;
			children = (
				102156D31AB1BD9A004EC6C9 /* iBeacon */,
				0CEDE2E81A03BAA10067A3C5 /* BaseController */,
				10974EAE1A9A0B41002DD4D5 /* TableViewCell */,
				0C4D9EA719FC98C20072BC44 /* UserAuthentication */,
				10758A641A98959F00160204 /* Promotion */,
				10758A661A9895E200160204 /* Notification */,
				10758A881A98C3AD00160204 /* Shop */,
				10758A6F1A989D6800160204 /* Card */,
				10758A651A9895BA00160204 /* Setting */,
				10B0E4FA1AA34BB50065AE53 /* Location */,
				108C0F7B1AA2047F002E2387 /* Feedback */,
				10D50FE51AAEAC8D00D7E760 /* InsertCard */,
			);
			path = Controller;
			sourceTree = "<group>";
		};
		0C4D9EA719FC98C20072BC44 /* UserAuthentication */ = {
			isa = PBXGroup;
			children = (
				0C4D9EA819FC98C20072BC44 /* UserAuthenticationViewController.swift */,
			);
			path = UserAuthentication;
			sourceTree = "<group>";
		};
		0C4D9EA919FC98C20072BC44 /* Library */ = {
			isa = PBXGroup;
			children = (
				0C6A26B31AF8F3F600946488 /* CNPPopupController */,
				0C4EC5241ADCFB0000217C60 /* iso-8601-date-formatter */,
				0C2681A01ADAE40F00EE834B /* PullToRefreshSwift */,
				0C6572861AD7F6BA00D6DCB7 /* facebook-ios-sdk-4.0.1 */,
				105448461A9F3574000CC601 /* ParallaxHeaderView */,
				0C96ADDF1AF695180069A375 /* EstimoteSDK */,
				0C87687B1A2E18A600163204 /* RKCardView */,
			);
			path = Library;
			sourceTree = "<group>";
		};
		0C4D9EAF19FC98C20072BC44 /* Model */ = {
			isa = PBXGroup;
			children = (
				0CD708FA1A029B0B00D9D016 /* User.swift */,
				10758A721A989E4200160204 /* Promotion.swift */,
				0CEEEE861AB90DD300C0362D /* PromotionDetail.swift */,
				10758A801A98BCF200160204 /* ShopCategory.swift */,
				10758A841A98BDFD00160204 /* SubShopCategory.swift */,
				10758A821A98BD2200160204 /* Shop.swift */,
				0C527ABD1AF3B712004241A9 /* Feedback.swift */,
				10758A861A98BED400160204 /* Notification.swift */,
				10758A781A989E6100160204 /* Card.swift */,
				10758A761A989E5800160204 /* Setting.swift */,
				0C8F37711AD133CC005F111C /* Picture.swift */,
			);
			path = Model;
			sourceTree = "<group>";
		};
		0C4EC5241ADCFB0000217C60 /* iso-8601-date-formatter */ = {
			isa = PBXGroup;
			children = (
				0C4EC5251ADCFB0000217C60 /* ISO8601DateFormatter.h */,
				0C4EC5261ADCFB0000217C60 /* ISO8601DateFormatter.m */,
			);
			path = "iso-8601-date-formatter";
			sourceTree = "<group>";
		};
		0C6572861AD7F6BA00D6DCB7 /* facebook-ios-sdk-4.0.1 */ = {
			isa = PBXGroup;
			children = (
				0C6572931AD7F77800D6DCB7 /* Bolts.framework */,
				0C6572881AD7F6BA00D6DCB7 /* FBAudienceNetwork.framework */,
				0C6572891AD7F6BA00D6DCB7 /* FBSDKCoreKit.framework */,
				0C65728A1AD7F6BA00D6DCB7 /* FBSDKLoginKit.framework */,
				0C65728B1AD7F6BA00D6DCB7 /* FBSDKMessengerShareKit.framework */,
				0C65728C1AD7F6BA00D6DCB7 /* FBSDKShareKit.framework */,
			);
			path = "facebook-ios-sdk-4.0.1";
			sourceTree = "<group>";
		};
		0C6A26B31AF8F3F600946488 /* CNPPopupController */ = {
			isa = PBXGroup;
			children = (
				0C6A26B41AF8F3F600946488 /* CNPPopupController.h */,
				0C6A26B51AF8F3F600946488 /* CNPPopupController.m */,
			);
			path = CNPPopupController;
			sourceTree = "<group>";
		};
		0C71B2F71AB5F16900A9B8D8 /* HTTPClient */ = {
			isa = PBXGroup;
			children = (
				0C71B2F91AB5F32D00A9B8D8 /* ProsHTTPClient.swift */,
			);
			path = HTTPClient;
			sourceTree = "<group>";
		};
		0C71B2F81AB5F18700A9B8D8 /* APIClient */ = {
			isa = PBXGroup;
			children = (
				0C71B2FB1AB5F3B200A9B8D8 /* ProsAPIClient.swift */,
			);
			path = APIClient;
			sourceTree = "<group>";
		};
		0C7EFB021ADA2F0B0025F7AA /* UIButton+Border */ = {
			isa = PBXGroup;
			children = (
				0C26819E1ADADEAA00EE834B /* UIButton+Border.swift */,
			);
			path = "UIButton+Border";
			sourceTree = "<group>";
		};
		0C8491151ADBF5960070F29D /* NSDateISO8601 */ = {
			isa = PBXGroup;
			children = (
				0C84911C1ADBF5CE0070F29D /* NSDateISO8601.swift */,
			);
			path = NSDateISO8601;
			sourceTree = "<group>";
		};
		0C87687B1A2E18A600163204 /* RKCardView */ = {
			isa = PBXGroup;
			children = (
				0C87687C1A2E18CC00163204 /* RKCardView.h */,
				0C87687D1A2E18CC00163204 /* RKCardView.m */,
			);
			path = RKCardView;
			sourceTree = "<group>";
		};
		0C8F37731AD1B768005F111C /* Response */ = {
			isa = PBXGroup;
			children = (
				0C8F37741AD1B780005F111C /* LoginWithFacebookResponse.swift */,
			);
			path = Response;
			sourceTree = "<group>";
		};
		0C96ADDF1AF695180069A375 /* EstimoteSDK */ = {
			isa = PBXGroup;
			children = (
				0C96ADE01AF695180069A375 /* Headers */,
				0C96ADF91AF695180069A375 /* libEstimoteSDK.a */,
			);
			path = EstimoteSDK;
			sourceTree = "<group>";
		};
		0C96ADE01AF695180069A375 /* Headers */ = {
			isa = PBXGroup;
			children = (
				0C96ADE11AF695180069A375 /* ESTBeacon.h */,
				0C96ADE21AF695180069A375 /* ESTBeaconDefinitions.h */,
				0C96ADE31AF695180069A375 /* ESTBeaconFirmwareVO.h */,
				0C96ADE41AF695180069A375 /* ESTBeaconManager.h */,
				0C96ADE51AF695180069A375 /* ESTBeaconRegion.h */,
				0C96ADE61AF695180069A375 /* ESTBeaconUpdateConfig.h */,
				0C96ADE71AF695180069A375 /* ESTBeaconUpdateInfo.h */,
				0C96ADE81AF695180069A375 /* ESTBeaconVO.h */,
				0C96ADE91AF695180069A375 /* ESTBulkUpdater.h */,
				0C96ADEA1AF695180069A375 /* ESTConfig.h */,
				0C96ADEB1AF695180069A375 /* ESTDateRule.h */,
				0C96ADEC1AF695180069A375 /* ESTDefinitions.h */,
				0C96ADED1AF695180069A375 /* ESTFirmwareInfoVO.h */,
				0C96ADEE1AF695180069A375 /* ESTMotionRule.h */,
				0C96ADEF1AF695180069A375 /* ESTNearable.h */,
				0C96ADF01AF695180069A375 /* ESTNearableDefinitions.h */,
				0C96ADF11AF695180069A375 /* ESTNearableManager.h */,
				0C96ADF21AF695180069A375 /* ESTNearableRule.h */,
				0C96ADF31AF695180069A375 /* ESTOrientationRule.h */,
				0C96ADF41AF695180069A375 /* ESTProximityRule.h */,
				0C96ADF51AF695180069A375 /* ESTRule.h */,
				0C96ADF61AF695180069A375 /* ESTTemperatureRule.h */,
				0C96ADF71AF695180069A375 /* ESTTrigger.h */,
				0C96ADF81AF695180069A375 /* ESTTriggerManager.h */,
			);
			path = Headers;
			sourceTree = "<group>";
		};
		0CA345221ADE71AA00D77EFC /* View */ = {
			isa = PBXGroup;
			children = (
			);
			name = View;
			path = Controller/View;
			sourceTree = "<group>";
		};
		0CAA03081ADFB0C900750C75 /* Service */ = {
			isa = PBXGroup;
			children = (
				0CAA03111ADFB15E00750C75 /* BaseService.swift */,
				0CAA030F1ADFB10A00750C75 /* ActivityService.swift */,
			);
			path = Service;
			sourceTree = "<group>";
		};
		0CE33B971AD94EF9005E1803 /* UIImage+ImageEffects */ = {
			isa = PBXGroup;
			children = (
				0CE33B981AD94F1A005E1803 /* UIImage+ImageEffects.h */,
				0CE33B991AD94F1A005E1803 /* UIImage+ImageEffects.m */,
			);
			path = "UIImage+ImageEffects";
			sourceTree = "<group>";
		};
		0CE33B9F1AD9A218005E1803 /* NSDate+TimeAgo */ = {
			isa = PBXGroup;
			children = (
				0CE33BA01AD9A220005E1803 /* NSDate+Extension.swift */,
				0CE33BA21AD9A537005E1803 /* NSDateTimeAgo.bundle */,
			);
			path = "NSDate+TimeAgo";
			sourceTree = "<group>";
		};
		0CEDE2E81A03BAA10067A3C5 /* BaseController */ = {
			isa = PBXGroup;
			children = (
				0CEDE2E91A03BAAC0067A3C5 /* BaseViewController.swift */,
				0CEDE2EB1A03BACB0067A3C5 /* BaseTableViewController.swift */,
			);
			path = BaseController;
			sourceTree = "<group>";
		};
		102156D31AB1BD9A004EC6C9 /* iBeacon */ = {
			isa = PBXGroup;
			children = (
				102156D41AB1BDD4004EC6C9 /* EstimoteBeaconsViewController.swift */,
			);
			path = iBeacon;
			sourceTree = "<group>";
		};
		105448461A9F3574000CC601 /* ParallaxHeaderView */ = {
			isa = PBXGroup;
			children = (
				105448471A9F3587000CC601 /* ParallaxHeaderView.h */,
				105448481A9F3587000CC601 /* ParallaxHeaderView.m */,
			);
			path = ParallaxHeaderView;
			sourceTree = "<group>";
		};
		1054484A1A9F4BB4000CC601 /* Extensions */ = {
			isa = PBXGroup;
			children = (
				0C8491151ADBF5960070F29D /* NSDateISO8601 */,
				0C7EFB021ADA2F0B0025F7AA /* UIButton+Border */,
				0CE33B9F1AD9A218005E1803 /* NSDate+TimeAgo */,
				0CE33B971AD94EF9005E1803 /* UIImage+ImageEffects */,
			);
			path = Extensions;
			sourceTree = "<group>";
		};
		106A995E1A9E4F300017DBAD /* SettingCell */ = {
			isa = PBXGroup;
			children = (
				10ACAD181AB2ECB7009D188E /* SettingUserInformationTableViewCell.swift */,
				10ACAD1E1AB2ED2F009D188E /* SettingPushNotificationTableViewCell.swift */,
				10ACAD221AB2EE8A009D188E /* SettingEstimoteNotificationTableViewCell.swift */,
				10ACAD201AB2ED3D009D188E /* SettingGeneralTableViewCell.swift */,
			);
			path = SettingCell;
			sourceTree = "<group>";
		};
		10758A641A98959F00160204 /* Promotion */ = {
			isa = PBXGroup;
			children = (
				10758A6D1A98966A00160204 /* PromotionViewController.swift */,
				1052999C1A9AFB440044F6FA /* PromotionDetailViewController.swift */,
			);
			path = Promotion;
			sourceTree = "<group>";
		};
		10758A651A9895BA00160204 /* Setting */ = {
			isa = PBXGroup;
			children = (
				10758A7C1A98AC9D00160204 /* SettingViewController.swift */,
				10E095481AB378D800A721AE /* SettingAboutViewController.swift */,
			);
			path = Setting;
			sourceTree = "<group>";
		};
		10758A661A9895E200160204 /* Notification */ = {
			isa = PBXGroup;
			children = (
				10758A7A1A98AC9100160204 /* NotificationViewController.swift */,
			);
			path = Notification;
			sourceTree = "<group>";
		};
		10758A6F1A989D6800160204 /* Card */ = {
			isa = PBXGroup;
			children = (
				10758A701A989D8B00160204 /* CardViewController.swift */,
				0C9E50091AB75B54008BC2DA /* CardDetailViewController.swift */,
			);
			path = Card;
			sourceTree = "<group>";
		};
		10758A881A98C3AD00160204 /* Shop */ = {
			isa = PBXGroup;
			children = (
				10758A891A98C3C800160204 /* ShopCategoryViewController.swift */,
				10758A8B1A98C3D700160204 /* SubShopCategoryViewController.swift */,
				10758A8D1A98C3E000160204 /* ShopViewController.swift */,
			);
			path = Shop;
			sourceTree = "<group>";
		};
		108C0F7B1AA2047F002E2387 /* Feedback */ = {
			isa = PBXGroup;
			children = (
				108C0F7C1AA20488002E2387 /* FeedbackViewController.swift */,
			);
			path = Feedback;
			sourceTree = "<group>";
		};
		1093DF661AAC44220070E2A1 /* NotificationCell */ = {
			isa = PBXGroup;
			children = (
				1093DF671AAC445A0070E2A1 /* NotificationTableViewCell.swift */,
			);
			path = NotificationCell;
			sourceTree = "<group>";
		};
		10974EAE1A9A0B41002DD4D5 /* TableViewCell */ = {
			isa = PBXGroup;
			children = (
				106A995E1A9E4F300017DBAD /* SettingCell */,
				10974EAF1A9A0B51002DD4D5 /* PromotionCell */,
				10FF34871A9CF86800501CAE /* ShopCategoryCell */,
				1093DF661AAC44220070E2A1 /* NotificationCell */,
			);
			path = TableViewCell;
			sourceTree = "<group>";
		};
		10974EAF1A9A0B51002DD4D5 /* PromotionCell */ = {
			isa = PBXGroup;
			children = (
				10974EB61A9A5640002DD4D5 /* PromotionTableViewCell.swift */,
				1052999E1A9B00340044F6FA /* PromotionDetailTableViewCell.swift */,
			);
			path = PromotionCell;
			sourceTree = "<group>";
		};
		10B0E4FA1AA34BB50065AE53 /* Location */ = {
			isa = PBXGroup;
			children = (
				10B0E4FB1AA34BD20065AE53 /* LocationViewController.swift */,
			);
			path = Location;
			sourceTree = "<group>";
		};
		10D50FE51AAEAC8D00D7E760 /* InsertCard */ = {
			isa = PBXGroup;
			children = (
				10D50FE81AAEAD3D00D7E760 /* QRCodeReader */,
			);
			path = InsertCard;
			sourceTree = "<group>";
		};
		10D50FE81AAEAD3D00D7E760 /* QRCodeReader */ = {
			isa = PBXGroup;
			children = (
				10D50FE91AAEAD3D00D7E760 /* QRCodeReader.swift */,
				10D50FEA1AAEAD3D00D7E760 /* QRCodeViewController.swift */,
				10D50FEB1AAEAD3D00D7E760 /* ReaderOverlayView.swift */,
				10D50FEC1AAEAD3D00D7E760 /* SwitchCameraButton.swift */,
			);
			path = QRCodeReader;
			sourceTree = "<group>";
		};
		10FF34871A9CF86800501CAE /* ShopCategoryCell */ = {
			isa = PBXGroup;
			children = (
				10FF34881A9CF87400501CAE /* ShopCategoryTableViewCell.swift */,
				10FF348A1A9CFB3C00501CAE /* SubShopCategoryTableViewCell.swift */,
				10B0E4F41AA340260065AE53 /* ShopActivityTableViewCell.swift */,
				10B0E4F81AA341C00065AE53 /* ShopSupportTableViewCell.swift */,
				10B0E4F01AA2F34D0065AE53 /* ShopDescriptionTableViewCell.swift */,
				10B0E4F21AA2F3580065AE53 /* ShopLocationTableViewCell.swift */,
			);
			path = ShopCategoryCell;
			sourceTree = "<group>";
		};
		6319CE9DF2BE022F2409D8EA /* Pods */ = {
			isa = PBXGroup;
			children = (
				A31BBC70FDDF69FA1CD27380 /* Pods.debug.xcconfig */,
				8A774CD94B36DF404BDC1A14 /* Pods.release.xcconfig */,
			);
			name = Pods;
			sourceTree = "<group>";
		};
		B96942117803A02EE2B3A1B3 /* Frameworks */ = {
			isa = PBXGroup;
			children = (
				56E5CA49BBE1266D55445ED0 /* Pods.framework */,
			);
			name = Frameworks;
			sourceTree = "<group>";
		};
/* End PBXGroup section */

/* Begin PBXNativeTarget section */
		0C4D9E6D19FC96760072BC44 /* Pros */ = {
			isa = PBXNativeTarget;
			buildConfigurationList = 0C4D9E8D19FC96760072BC44 /* Build configuration list for PBXNativeTarget "Pros" */;
			buildPhases = (
				626ED78522410172763EDA82 /* Check Pods Manifest.lock */,
				0C4D9E6A19FC96760072BC44 /* Sources */,
				0C4D9E6B19FC96760072BC44 /* Frameworks */,
				0C4D9E6C19FC96760072BC44 /* Resources */,
				0C71B2F41AB597BB00A9B8D8 /* Embed Frameworks */,
				0C7B38D51AD11CB70090A315 /* Copy Frameworks */,
				59D00592413DF14D509B1D8E /* Embed Pods Frameworks */,
				16931D17E1778AFFDDB67617 /* Copy Pods Resources */,
			);
			buildRules = (
			);
			dependencies = (
			);
			name = Pros;
			productName = Pros;
			productReference = 0C4D9E6E19FC96760072BC44 /* Pros.app */;
			productType = "com.apple.product-type.application";
		};
		0C4D9E8219FC96760072BC44 /* ProsTests */ = {
			isa = PBXNativeTarget;
			buildConfigurationList = 0C4D9E9019FC96760072BC44 /* Build configuration list for PBXNativeTarget "ProsTests" */;
			buildPhases = (
				0C4D9E7F19FC96760072BC44 /* Sources */,
				0C4D9E8019FC96760072BC44 /* Frameworks */,
				0C4D9E8119FC96760072BC44 /* Resources */,
			);
			buildRules = (
			);
			dependencies = (
				0C4D9E8519FC96760072BC44 /* PBXTargetDependency */,
			);
			name = ProsTests;
			productName = ProsTests;
			productReference = 0C4D9E8319FC96760072BC44 /* ProsTests.xctest */;
			productType = "com.apple.product-type.bundle.unit-test";
		};
/* End PBXNativeTarget section */

/* Begin PBXProject section */
		0C4D9E6619FC96760072BC44 /* Project object */ = {
			isa = PBXProject;
			attributes = {
				LastUpgradeCheck = 0610;
				ORGANIZATIONNAME = com.cpekmutt.project;
				TargetAttributes = {
					0C4D9E6D19FC96760072BC44 = {
						CreatedOnToolsVersion = 6.1;
						DevelopmentTeam = ATLPP29258;
						SystemCapabilities = {
							com.apple.InAppPurchase = {
								enabled = 0;
							};
						};
					};
					0C4D9E8219FC96760072BC44 = {
						CreatedOnToolsVersion = 6.1;
						TestTargetID = 0C4D9E6D19FC96760072BC44;
					};
				};
			};
			buildConfigurationList = 0C4D9E6919FC96760072BC44 /* Build configuration list for PBXProject "Pros" */;
			compatibilityVersion = "Xcode 3.2";
			developmentRegion = English;
			hasScannedForEncodings = 0;
			knownRegions = (
				en,
				Base,
			);
			mainGroup = 0C4D9E6519FC96760072BC44;
			productRefGroup = 0C4D9E6F19FC96760072BC44 /* Products */;
			projectDirPath = "";
			projectRoot = "";
			targets = (
				0C4D9E6D19FC96760072BC44 /* Pros */,
				0C4D9E8219FC96760072BC44 /* ProsTests */,
			);
		};
/* End PBXProject section */

/* Begin PBXResourcesBuildPhase section */
		0C4D9E6C19FC96760072BC44 /* Resources */ = {
			isa = PBXResourcesBuildPhase;
			buildActionMask = 2147483647;
			files = (
				0C4D9E9819FC97F20072BC44 /* ImagesCommon.xcassets in Resources */,
				0CE33BA31AD9A537005E1803 /* NSDateTimeAgo.bundle in Resources */,
				0C4D9E7919FC96760072BC44 /* Main.storyboard in Resources */,
				0C2681A51ADAE40F00EE834B /* pulltorefresharrow.png in Resources */,
				0C4D9E7E19FC96760072BC44 /* LaunchScreen.xib in Resources */,
				0C4D9E7B19FC96760072BC44 /* Images.xcassets in Resources */,
			);
			runOnlyForDeploymentPostprocessing = 0;
		};
		0C4D9E8119FC96760072BC44 /* Resources */ = {
			isa = PBXResourcesBuildPhase;
			buildActionMask = 2147483647;
			files = (
			);
			runOnlyForDeploymentPostprocessing = 0;
		};
/* End PBXResourcesBuildPhase section */

/* Begin PBXShellScriptBuildPhase section */
		16931D17E1778AFFDDB67617 /* Copy Pods Resources */ = {
			isa = PBXShellScriptBuildPhase;
			buildActionMask = 2147483647;
			files = (
			);
			inputPaths = (
			);
			name = "Copy Pods Resources";
			outputPaths = (
			);
			runOnlyForDeploymentPostprocessing = 0;
			shellPath = /bin/sh;
			shellScript = "\"${SRCROOT}/Pods/Target Support Files/Pods/Pods-resources.sh\"\n";
			showEnvVarsInLog = 0;
		};
		59D00592413DF14D509B1D8E /* Embed Pods Frameworks */ = {
			isa = PBXShellScriptBuildPhase;
			buildActionMask = 2147483647;
			files = (
			);
			inputPaths = (
			);
			name = "Embed Pods Frameworks";
			outputPaths = (
			);
			runOnlyForDeploymentPostprocessing = 0;
			shellPath = /bin/sh;
			shellScript = "\"${SRCROOT}/Pods/Target Support Files/Pods/Pods-frameworks.sh\"\n";
			showEnvVarsInLog = 0;
		};
		626ED78522410172763EDA82 /* Check Pods Manifest.lock */ = {
			isa = PBXShellScriptBuildPhase;
			buildActionMask = 2147483647;
			files = (
			);
			inputPaths = (
			);
			name = "Check Pods Manifest.lock";
			outputPaths = (
			);
			runOnlyForDeploymentPostprocessing = 0;
			shellPath = /bin/sh;
			shellScript = "diff \"${PODS_ROOT}/../Podfile.lock\" \"${PODS_ROOT}/Manifest.lock\" > /dev/null\nif [[ $? != 0 ]] ; then\n    cat << EOM\nerror: The sandbox is not in sync with the Podfile.lock. Run 'pod install' or update your CocoaPods installation.\nEOM\n    exit 1\nfi\n";
			showEnvVarsInLog = 0;
		};
/* End PBXShellScriptBuildPhase section */

/* Begin PBXSourcesBuildPhase section */
		0C4D9E6A19FC96760072BC44 /* Sources */ = {
			isa = PBXSourcesBuildPhase;
			buildActionMask = 2147483647;
			files = (
				105448491A9F3587000CC601 /* ParallaxHeaderView.m in Sources */,
				10B0E4F51AA340260065AE53 /* ShopActivityTableViewCell.swift in Sources */,
				0C4966751B03560E0067169C /* MembershipCardDetailForm.swift in Sources */,
				0CEEEE871AB90DD300C0362D /* PromotionDetail.swift in Sources */,
				102156D51AB1BDD4004EC6C9 /* EstimoteBeaconsViewController.swift in Sources */,
				0C4D9EA119FC98420072BC44 /* Singleton.swift in Sources */,
				0C26819F1ADADEAA00EE834B /* UIButton+Border.swift in Sources */,
				0C4966711B034B320067169C /* FeedbackForm.swift in Sources */,
				0C7CBE5E1ACE72BD00972C61 /* LoginWithFacebookForm.swift in Sources */,
				10ACAD191AB2ECB7009D188E /* SettingUserInformationTableViewCell.swift in Sources */,
				0C71B2FC1AB5F3B200A9B8D8 /* ProsAPIClient.swift in Sources */,
				10758A731A989E4200160204 /* Promotion.swift in Sources */,
				0C2681A81ADAE40F00EE834B /* UIScrollViewExtension.swift in Sources */,
				10ACAD231AB2EE8A009D188E /* SettingEstimoteNotificationTableViewCell.swift in Sources */,
				10758A791A989E6100160204 /* Card.swift in Sources */,
				0C5A1DFE1B03A5D4007F9417 /* ShopForm.swift in Sources */,
				10B0E4F91AA341C00065AE53 /* ShopSupportTableViewCell.swift in Sources */,
				10D50FF01AAEAD3D00D7E760 /* SwitchCameraButton.swift in Sources */,
				10758A871A98BED400160204 /* Notification.swift in Sources */,
				10758A8E1A98C3E000160204 /* ShopViewController.swift in Sources */,
				10758A831A98BD2200160204 /* Shop.swift in Sources */,
				0C12D9581B07B0DB0071B1C0 /* ShareForm.swift in Sources */,
				10758A6E1A98966A00160204 /* PromotionViewController.swift in Sources */,
				0CD965631B0731050062ACEC /* PromotionLikeToggleForm.swift in Sources */,
				0C4D9E9D19FC98190072BC44 /* ProsColor.swift in Sources */,
				10B0E4FC1AA34BD20065AE53 /* LocationViewController.swift in Sources */,
				108C0F7D1AA20488002E2387 /* FeedbackViewController.swift in Sources */,
				0C527ABE1AF3B712004241A9 /* Feedback.swift in Sources */,
				10B0E4F31AA2F3580065AE53 /* ShopLocationTableViewCell.swift in Sources */,
				0C49666F1B034AFD0067169C /* InsertMembershipCardForm.swift in Sources */,
				0C4815671A0CC93F00A9CF9B /* Utilities.swift in Sources */,
				0CAA03101ADFB10A00750C75 /* ActivityService.swift in Sources */,
				0CEDE2EC1A03BACB0067A3C5 /* BaseTableViewController.swift in Sources */,
				10D50FEE1AAEAD3D00D7E760 /* QRCodeViewController.swift in Sources */,
				10D50FED1AAEAD3D00D7E760 /* QRCodeReader.swift in Sources */,
				10FF348B1A9CFB3C00501CAE /* SubShopCategoryTableViewCell.swift in Sources */,
				0C71B2FA1AB5F32D00A9B8D8 /* ProsHTTPClient.swift in Sources */,
				0C2681A61ADAE40F00EE834B /* PullToRefreshOption.swift in Sources */,
				10758A811A98BCF200160204 /* ShopCategory.swift in Sources */,
				0C4D9E7419FC96760072BC44 /* AppDelegate.swift in Sources */,
				0C4D9E9C19FC98190072BC44 /* Pros.swift in Sources */,
				0C84911D1ADBF5CE0070F29D /* NSDateISO8601.swift in Sources */,
				0C6A26B61AF8F3F600946488 /* CNPPopupController.m in Sources */,
				0CD965651B07317C0062ACEC /* ShopSubscribeToggleForm.swift in Sources */,
				10D50FEF1AAEAD3D00D7E760 /* ReaderOverlayView.swift in Sources */,
				10758A8A1A98C3C800160204 /* ShopCategoryViewController.swift in Sources */,
				0C49666B1B03442A0067169C /* NotificationForm.swift in Sources */,
				10758A771A989E5800160204 /* Setting.swift in Sources */,
				10758A851A98BDFD00160204 /* SubShopCategory.swift in Sources */,
				10B0E4F11AA2F34E0065AE53 /* ShopDescriptionTableViewCell.swift in Sources */,
				0C9E500A1AB75B54008BC2DA /* CardDetailViewController.swift in Sources */,
				0CD965671B0790930062ACEC /* LikeForm.swift in Sources */,
				0C87687E1A2E18CC00163204 /* RKCardView.m in Sources */,
				10758A711A989D8B00160204 /* CardViewController.swift in Sources */,
				10FF34891A9CF87400501CAE /* ShopCategoryTableViewCell.swift in Sources */,
				10974EB71A9A5640002DD4D5 /* PromotionTableViewCell.swift in Sources */,
				10E095491AB378D800A721AE /* SettingAboutViewController.swift in Sources */,
				0CE33BA11AD9A220005E1803 /* NSDate+Extension.swift in Sources */,
				10758A7B1A98AC9100160204 /* NotificationViewController.swift in Sources */,
				0CAA03121ADFB15E00750C75 /* BaseService.swift in Sources */,
				0C527AC61AF3CC73004241A9 /* SubmitFeedbackForm.swift in Sources */,
				0CEDE2EA1A03BAAC0067A3C5 /* BaseViewController.swift in Sources */,
				0CE33B9A1AD94F1A005E1803 /* UIImage+ImageEffects.m in Sources */,
				0C8F37721AD133CC005F111C /* Picture.swift in Sources */,
				0C5A1E001B03A702007F9417 /* SubscribeForm.swift in Sources */,
				0C4EC5271ADCFB0000217C60 /* ISO8601DateFormatter.m in Sources */,
				0C4966731B0354220067169C /* MembershipCardForm.swift in Sources */,
				1052999F1A9B00340044F6FA /* PromotionDetailTableViewCell.swift in Sources */,
				1093DF681AAC445A0070E2A1 /* NotificationTableViewCell.swift in Sources */,
				1052999D1A9AFB440044F6FA /* PromotionDetailViewController.swift in Sources */,
				10ACAD211AB2ED3D009D188E /* SettingGeneralTableViewCell.swift in Sources */,
				0C9782F71AD6407D001962BA /* UserSession.swift in Sources */,
				0C5A1DFC1B03A447007F9417 /* PromotionDetailForm.swift in Sources */,
				10ACAD1F1AB2ED2F009D188E /* SettingPushNotificationTableViewCell.swift in Sources */,
				10758A7D1A98AC9D00160204 /* SettingViewController.swift in Sources */,
				0C5723781A24B16700C86676 /* UserDefaults.swift in Sources */,
				10758A8C1A98C3D700160204 /* SubShopCategoryViewController.swift in Sources */,
				0CD708FB1A029B0B00D9D016 /* User.swift in Sources */,
				0C2681A71ADAE40F00EE834B /* PullToRefreshView.swift in Sources */,
				0C8F37751AD1B780005F111C /* LoginWithFacebookResponse.swift in Sources */,
				0C4D9EB319FC98C20072BC44 /* UserAuthenticationViewController.swift in Sources */,
				0C4D9E9E19FC98190072BC44 /* ProsConfig.swift in Sources */,
			);
			runOnlyForDeploymentPostprocessing = 0;
		};
		0C4D9E7F19FC96760072BC44 /* Sources */ = {
			isa = PBXSourcesBuildPhase;
			buildActionMask = 2147483647;
			files = (
				0C4D9E8A19FC96760072BC44 /* ProsTests.swift in Sources */,
			);
			runOnlyForDeploymentPostprocessing = 0;
		};
/* End PBXSourcesBuildPhase section */

/* Begin PBXTargetDependency section */
		0C4D9E8519FC96760072BC44 /* PBXTargetDependency */ = {
			isa = PBXTargetDependency;
			target = 0C4D9E6D19FC96760072BC44 /* Pros */;
			targetProxy = 0C4D9E8419FC96760072BC44 /* PBXContainerItemProxy */;
		};
/* End PBXTargetDependency section */

/* Begin PBXVariantGroup section */
		0C4D9E7719FC96760072BC44 /* Main.storyboard */ = {
			isa = PBXVariantGroup;
			children = (
				0C4D9E7819FC96760072BC44 /* Base */,
			);
			name = Main.storyboard;
			sourceTree = "<group>";
		};
		0C4D9E7C19FC96760072BC44 /* LaunchScreen.xib */ = {
			isa = PBXVariantGroup;
			children = (
				0C4D9E7D19FC96760072BC44 /* Base */,
			);
			name = LaunchScreen.xib;
			sourceTree = "<group>";
		};
/* End PBXVariantGroup section */

/* Begin XCBuildConfiguration section */
		0C4D9E8B19FC96760072BC44 /* Debug */ = {
			isa = XCBuildConfiguration;
			buildSettings = {
				ALWAYS_SEARCH_USER_PATHS = NO;
				CLANG_CXX_LANGUAGE_STANDARD = "gnu++0x";
				CLANG_CXX_LIBRARY = "libc++";
				CLANG_ENABLE_MODULES = YES;
				CLANG_ENABLE_OBJC_ARC = YES;
				CLANG_WARN_BOOL_CONVERSION = YES;
				CLANG_WARN_CONSTANT_CONVERSION = YES;
				CLANG_WARN_DIRECT_OBJC_ISA_USAGE = YES_ERROR;
				CLANG_WARN_EMPTY_BODY = YES;
				CLANG_WARN_ENUM_CONVERSION = YES;
				CLANG_WARN_INT_CONVERSION = YES;
				CLANG_WARN_OBJC_ROOT_CLASS = YES_ERROR;
				CLANG_WARN_UNREACHABLE_CODE = YES;
				CLANG_WARN__DUPLICATE_METHOD_MATCH = YES;
				"CODE_SIGN_IDENTITY[sdk=iphoneos*]" = "iPhone Developer";
				COPY_PHASE_STRIP = NO;
				ENABLE_STRICT_OBJC_MSGSEND = YES;
				GCC_C_LANGUAGE_STANDARD = gnu99;
				GCC_DYNAMIC_NO_PIC = NO;
				GCC_OPTIMIZATION_LEVEL = 0;
				GCC_PREPROCESSOR_DEFINITIONS = (
					"DEBUG=1",
					"$(inherited)",
				);
				GCC_SYMBOLS_PRIVATE_EXTERN = NO;
				GCC_WARN_64_TO_32_BIT_CONVERSION = YES;
				GCC_WARN_ABOUT_RETURN_TYPE = YES_ERROR;
				GCC_WARN_UNDECLARED_SELECTOR = YES;
				GCC_WARN_UNINITIALIZED_AUTOS = YES_AGGRESSIVE;
				GCC_WARN_UNUSED_FUNCTION = YES;
				GCC_WARN_UNUSED_VARIABLE = YES;
				IPHONEOS_DEPLOYMENT_TARGET = 8.2;
				MTL_ENABLE_DEBUG_INFO = YES;
				ONLY_ACTIVE_ARCH = YES;
				SDKROOT = iphoneos;
				SWIFT_OPTIMIZATION_LEVEL = "-Onone";
				TARGETED_DEVICE_FAMILY = "1,2";
			};
			name = Debug;
		};
		0C4D9E8C19FC96760072BC44 /* Release */ = {
			isa = XCBuildConfiguration;
			buildSettings = {
				ALWAYS_SEARCH_USER_PATHS = NO;
				CLANG_CXX_LANGUAGE_STANDARD = "gnu++0x";
				CLANG_CXX_LIBRARY = "libc++";
				CLANG_ENABLE_MODULES = YES;
				CLANG_ENABLE_OBJC_ARC = YES;
				CLANG_WARN_BOOL_CONVERSION = YES;
				CLANG_WARN_CONSTANT_CONVERSION = YES;
				CLANG_WARN_DIRECT_OBJC_ISA_USAGE = YES_ERROR;
				CLANG_WARN_EMPTY_BODY = YES;
				CLANG_WARN_ENUM_CONVERSION = YES;
				CLANG_WARN_INT_CONVERSION = YES;
				CLANG_WARN_OBJC_ROOT_CLASS = YES_ERROR;
				CLANG_WARN_UNREACHABLE_CODE = YES;
				CLANG_WARN__DUPLICATE_METHOD_MATCH = YES;
				"CODE_SIGN_IDENTITY[sdk=iphoneos*]" = "iPhone Developer";
				COPY_PHASE_STRIP = YES;
				ENABLE_NS_ASSERTIONS = NO;
				ENABLE_STRICT_OBJC_MSGSEND = YES;
				GCC_C_LANGUAGE_STANDARD = gnu99;
				GCC_WARN_64_TO_32_BIT_CONVERSION = YES;
				GCC_WARN_ABOUT_RETURN_TYPE = YES_ERROR;
				GCC_WARN_UNDECLARED_SELECTOR = YES;
				GCC_WARN_UNINITIALIZED_AUTOS = YES_AGGRESSIVE;
				GCC_WARN_UNUSED_FUNCTION = YES;
				GCC_WARN_UNUSED_VARIABLE = YES;
				IPHONEOS_DEPLOYMENT_TARGET = 8.2;
				MTL_ENABLE_DEBUG_INFO = NO;
				SDKROOT = iphoneos;
				TARGETED_DEVICE_FAMILY = "1,2";
				VALIDATE_PRODUCT = YES;
			};
			name = Release;
		};
		0C4D9E8E19FC96760072BC44 /* Debug */ = {
			isa = XCBuildConfiguration;
			baseConfigurationReference = A31BBC70FDDF69FA1CD27380 /* Pods.debug.xcconfig */;
			buildSettings = {
				ASSETCATALOG_COMPILER_APPICON_NAME = "AppIcon-1";
				ASSETCATALOG_COMPILER_LAUNCHIMAGE_NAME = "LaunchImage-1";
				CLANG_ALLOW_NON_MODULAR_INCLUDES_IN_FRAMEWORK_MODULES = NO;
				CLANG_ENABLE_MODULES = YES;
				CODE_SIGN_IDENTITY = "iPhone Developer: Suwat Saegauy (5R952VP2H5)";
				"CODE_SIGN_IDENTITY[sdk=iphoneos*]" = "iPhone Developer: Suwat Saegauy (5R952VP2H5)";
				EMBEDDED_CONTENT_CONTAINS_SWIFT = YES;
				FRAMEWORK_SEARCH_PATHS = (
					"$(inherited)",
					"$(PROJECT_DIR)",
					"$(SRCROOT)",
					"$(PROJECT_DIR)/Pros/Library/facebook-ios-sdk-4.0.1",
				);
				INFOPLIST_FILE = Pros/Info.plist;
				IPHONEOS_DEPLOYMENT_TARGET = 8.2;
				LD_RUNPATH_SEARCH_PATHS = "$(inherited) @executable_path/Frameworks";
				LIBRARY_SEARCH_PATHS = (
					"$(inherited)",
					"$(PROJECT_DIR)/Pros/Library/EstimoteSDK",
				);
				OTHER_CODE_SIGN_FLAGS = "";
				OTHER_LDFLAGS = "-ObjC";
				PRODUCT_NAME = "$(TARGET_NAME)";
				PROVISIONING_PROFILE = "3d7c1fb3-b720-41ff-8f9a-1af5e98ba1bc";
				SWIFT_OBJC_BRIDGING_HEADER = "Pros/Pros-Bridging-Header.h";
				SWIFT_OPTIMIZATION_LEVEL = "-Onone";
				VALID_ARCHS = "arm64 armv7 armv7s";
			};
			name = Debug;
		};
		0C4D9E8F19FC96760072BC44 /* Release */ = {
			isa = XCBuildConfiguration;
			baseConfigurationReference = 8A774CD94B36DF404BDC1A14 /* Pods.release.xcconfig */;
			buildSettings = {
				ASSETCATALOG_COMPILER_APPICON_NAME = "AppIcon-1";
				ASSETCATALOG_COMPILER_LAUNCHIMAGE_NAME = "LaunchImage-1";
				CLANG_ALLOW_NON_MODULAR_INCLUDES_IN_FRAMEWORK_MODULES = NO;
				CLANG_ENABLE_MODULES = YES;
				CODE_SIGN_IDENTITY = "iPhone Developer: Suwat Saegauy (5R952VP2H5)";
				"CODE_SIGN_IDENTITY[sdk=iphoneos*]" = "iPhone Developer: Suwat Saegauy (5R952VP2H5)";
				EMBEDDED_CONTENT_CONTAINS_SWIFT = YES;
				FRAMEWORK_SEARCH_PATHS = (
					"$(inherited)",
					"$(PROJECT_DIR)",
					"$(SRCROOT)",
					"$(PROJECT_DIR)/Pros/Library/facebook-ios-sdk-4.0.1",
				);
				INFOPLIST_FILE = Pros/Info.plist;
				IPHONEOS_DEPLOYMENT_TARGET = 8.2;
				LD_RUNPATH_SEARCH_PATHS = "$(inherited) @executable_path/Frameworks";
				LIBRARY_SEARCH_PATHS = (
					"$(inherited)",
					"$(PROJECT_DIR)/Pros/Library/EstimoteSDK",
				);
				OTHER_CODE_SIGN_FLAGS = "";
				OTHER_LDFLAGS = "-ObjC";
				PRODUCT_NAME = "$(TARGET_NAME)";
				PROVISIONING_PROFILE = "3d7c1fb3-b720-41ff-8f9a-1af5e98ba1bc";
				SWIFT_OBJC_BRIDGING_HEADER = "Pros/Pros-Bridging-Header.h";
				VALID_ARCHS = "arm64 armv7 armv7s";
			};
			name = Release;
		};
		0C4D9E9119FC96760072BC44 /* Debug */ = {
			isa = XCBuildConfiguration;
			buildSettings = {
				BUNDLE_LOADER = "$(TEST_HOST)";
				FRAMEWORK_SEARCH_PATHS = (
					"$(SDKROOT)/Developer/Library/Frameworks",
					"$(inherited)",
				);
				GCC_PREPROCESSOR_DEFINITIONS = (
					"DEBUG=1",
					"$(inherited)",
				);
				INFOPLIST_FILE = ProsTests/Info.plist;
				LD_RUNPATH_SEARCH_PATHS = "$(inherited) @executable_path/Frameworks @loader_path/Frameworks";
				PRODUCT_NAME = "$(TARGET_NAME)";
				TEST_HOST = "$(BUILT_PRODUCTS_DIR)/Pros.app/Pros";
			};
			name = Debug;
		};
		0C4D9E9219FC96760072BC44 /* Release */ = {
			isa = XCBuildConfiguration;
			buildSettings = {
				BUNDLE_LOADER = "$(TEST_HOST)";
				FRAMEWORK_SEARCH_PATHS = (
					"$(SDKROOT)/Developer/Library/Frameworks",
					"$(inherited)",
				);
				INFOPLIST_FILE = ProsTests/Info.plist;
				LD_RUNPATH_SEARCH_PATHS = "$(inherited) @executable_path/Frameworks @loader_path/Frameworks";
				PRODUCT_NAME = "$(TARGET_NAME)";
				TEST_HOST = "$(BUILT_PRODUCTS_DIR)/Pros.app/Pros";
			};
			name = Release;
		};
/* End XCBuildConfiguration section */

/* Begin XCConfigurationList section */
		0C4D9E6919FC96760072BC44 /* Build configuration list for PBXProject "Pros" */ = {
			isa = XCConfigurationList;
			buildConfigurations = (
				0C4D9E8B19FC96760072BC44 /* Debug */,
				0C4D9E8C19FC96760072BC44 /* Release */,
			);
			defaultConfigurationIsVisible = 0;
			defaultConfigurationName = Release;
		};
		0C4D9E8D19FC96760072BC44 /* Build configuration list for PBXNativeTarget "Pros" */ = {
			isa = XCConfigurationList;
			buildConfigurations = (
				0C4D9E8E19FC96760072BC44 /* Debug */,
				0C4D9E8F19FC96760072BC44 /* Release */,
			);
			defaultConfigurationIsVisible = 0;
			defaultConfigurationName = Release;
		};
		0C4D9E9019FC96760072BC44 /* Build configuration list for PBXNativeTarget "ProsTests" */ = {
			isa = XCConfigurationList;
			buildConfigurations = (
				0C4D9E9119FC96760072BC44 /* Debug */,
				0C4D9E9219FC96760072BC44 /* Release */,
			);
			defaultConfigurationIsVisible = 0;
			defaultConfigurationName = Release;
		};
/* End XCConfigurationList section */
	};
	rootObject = 0C4D9E6619FC96760072BC44 /* Project object */;
}
